
Microsoft Visual Studio Solution File, Format Version 12.00
# Visual Studio Version 17
VisualStudioVersion = 17.4.33205.214
MinimumVisualStudioVersion = 10.0.40219.1
Project("{2150E333-8FDC-42A3-9474-1A3956D46DE8}") = "Source", "Source", "{E78BDCD6-101A-49B6-91E4-F9CFFE201A68}"
EndProject
Project("{9A19103F-16F7-4668-BE54-9A1E7A4F7556}") = "BSN.Resa.Locale", "Source\BSN.Resa.Locale\BSN.Resa.Locale.csproj", "{2E96985E-4C35-4A3E-AA17-078746F67BFD}"
EndProject
Project("{2150E333-8FDC-42A3-9474-1A3956D46DE8}") = "Core", "Core", "{538C0CD1-FE63-4629-BE9E-E62C137715A4}"
EndProject
Project("{9A19103F-16F7-4668-BE54-9A1E7A4F7556}") = "BSN.Resa.Core.Commons", "Source\Core\BSN.Resa.Core.Commons\BSN.Resa.Core.Commons.csproj", "{67E6A805-E635-4345-8A5C-606E1A4598DD}"
EndProject
Project("{FAE04EC0-301F-11D3-BF4B-00C04F79EFBC}") = "BSN.Resa.Commons", "Source\BSN.Resa.Commons\BSN.Resa.Commons.csproj", "{4017B686-8EB4-46FD-9A92-F17C3FE06791}"
EndProject
Project("{2150E333-8FDC-42A3-9474-1A3956D46DE8}") = "DoctorApp", "DoctorApp", "{27363E49-5B53-47FC-8F64-DEFB69B6C4CF}"
EndProject
Project("{9A19103F-16F7-4668-BE54-9A1E7A4F7556}") = "BSN.Resa.DoctorApp.Commons", "Source\DoctorApp\BSN.Resa.DoctorApp.Commons\BSN.Resa.DoctorApp.Commons.csproj", "{F5A77225-B81D-4608-B68C-986502187695}"
EndProject
Project("{9A19103F-16F7-4668-BE54-9A1E7A4F7556}") = "BSN.Resa.DoctorApp.Data", "Source\DoctorApp\BSN.Resa.DoctorApp.Data\BSN.Resa.DoctorApp.Data.csproj", "{A509AD8F-F315-406E-B184-4CB7013F14DD}"
EndProject
Project("{9A19103F-16F7-4668-BE54-9A1E7A4F7556}") = "BSN.Resa.DoctorApp.Domain", "Source\DoctorApp\BSN.Resa.DoctorApp.Domain\BSN.Resa.DoctorApp.Domain.csproj", "{876287A7-44DE-4CB6-AA18-BCF69EA36642}"
EndProject
Project("{9A19103F-16F7-4668-BE54-9A1E7A4F7556}") = "BSN.Resa.DoctorApp", "Source\DoctorApp\BSN.Resa.DoctorApp\BSN.Resa.DoctorApp.csproj", "{7C749BCE-6BAA-4B77-9FE4-19795E870494}"
EndProject
Global
	GlobalSection(SolutionConfigurationPlatforms) = preSolution
		Debug|Any CPU = Debug|Any CPU
		Debug|iPhone = Debug|iPhone
		Debug|iPhoneSimulator = Debug|iPhoneSimulator
		Release|Any CPU = Release|Any CPU
		Release|iPhone = Release|iPhone
		Release|iPhoneSimulator = Release|iPhoneSimulator
	EndGlobalSection
	GlobalSection(ProjectConfigurationPlatforms) = postSolution
		{2E96985E-4C35-4A3E-AA17-078746F67BFD}.Debug|Any CPU.ActiveCfg = Debug|Any CPU
		{2E96985E-4C35-4A3E-AA17-078746F67BFD}.Debug|Any CPU.Build.0 = Debug|Any CPU
		{2E96985E-4C35-4A3E-AA17-078746F67BFD}.Debug|iPhone.ActiveCfg = Debug|Any CPU
		{2E96985E-4C35-4A3E-AA17-078746F67BFD}.Debug|iPhone.Build.0 = Debug|Any CPU
		{2E96985E-4C35-4A3E-AA17-078746F67BFD}.Debug|iPhoneSimulator.ActiveCfg = Debug|Any CPU
		{2E96985E-4C35-4A3E-AA17-078746F67BFD}.Debug|iPhoneSimulator.Build.0 = Debug|Any CPU
		{2E96985E-4C35-4A3E-AA17-078746F67BFD}.Release|Any CPU.ActiveCfg = Release|Any CPU
		{2E96985E-4C35-4A3E-AA17-078746F67BFD}.Release|Any CPU.Build.0 = Release|Any CPU
		{2E96985E-4C35-4A3E-AA17-078746F67BFD}.Release|iPhone.ActiveCfg = Release|Any CPU
		{2E96985E-4C35-4A3E-AA17-078746F67BFD}.Release|iPhone.Build.0 = Release|Any CPU
		{2E96985E-4C35-4A3E-AA17-078746F67BFD}.Release|iPhoneSimulator.ActiveCfg = Release|Any CPU
		{2E96985E-4C35-4A3E-AA17-078746F67BFD}.Release|iPhoneSimulator.Build.0 = Release|Any CPU
		{67E6A805-E635-4345-8A5C-606E1A4598DD}.Debug|Any CPU.ActiveCfg = Debug|Any CPU
		{67E6A805-E635-4345-8A5C-606E1A4598DD}.Debug|Any CPU.Build.0 = Debug|Any CPU
		{67E6A805-E635-4345-8A5C-606E1A4598DD}.Debug|iPhone.ActiveCfg = Debug|Any CPU
		{67E6A805-E635-4345-8A5C-606E1A4598DD}.Debug|iPhone.Build.0 = Debug|Any CPU
		{67E6A805-E635-4345-8A5C-606E1A4598DD}.Debug|iPhoneSimulator.ActiveCfg = Debug|Any CPU
		{67E6A805-E635-4345-8A5C-606E1A4598DD}.Debug|iPhoneSimulator.Build.0 = Debug|Any CPU
		{67E6A805-E635-4345-8A5C-606E1A4598DD}.Release|Any CPU.ActiveCfg = Release|Any CPU
		{67E6A805-E635-4345-8A5C-606E1A4598DD}.Release|Any CPU.Build.0 = Release|Any CPU
		{67E6A805-E635-4345-8A5C-606E1A4598DD}.Release|iPhone.ActiveCfg = Release|Any CPU
		{67E6A805-E635-4345-8A5C-606E1A4598DD}.Release|iPhone.Build.0 = Release|Any CPU
		{67E6A805-E635-4345-8A5C-606E1A4598DD}.Release|iPhoneSimulator.ActiveCfg = Release|Any CPU
		{67E6A805-E635-4345-8A5C-606E1A4598DD}.Release|iPhoneSimulator.Build.0 = Release|Any CPU
		{4017B686-8EB4-46FD-9A92-F17C3FE06791}.Debug|Any CPU.ActiveCfg = Debug|Any CPU
		{4017B686-8EB4-46FD-9A92-F17C3FE06791}.Debug|Any CPU.Build.0 = Debug|Any CPU
		{4017B686-8EB4-46FD-9A92-F17C3FE06791}.Debug|iPhone.ActiveCfg = Debug|Any CPU
		{4017B686-8EB4-46FD-9A92-F17C3FE06791}.Debug|iPhone.Build.0 = Debug|Any CPU
		{4017B686-8EB4-46FD-9A92-F17C3FE06791}.Debug|iPhoneSimulator.ActiveCfg = Debug|Any CPU
		{4017B686-8EB4-46FD-9A92-F17C3FE06791}.Debug|iPhoneSimulator.Build.0 = Debug|Any CPU
		{4017B686-8EB4-46FD-9A92-F17C3FE06791}.Release|Any CPU.ActiveCfg = Release|Any CPU
		{4017B686-8EB4-46FD-9A92-F17C3FE06791}.Release|Any CPU.Build.0 = Release|Any CPU
		{4017B686-8EB4-46FD-9A92-F17C3FE06791}.Release|iPhone.ActiveCfg = Release|Any CPU
		{4017B686-8EB4-46FD-9A92-F17C3FE06791}.Release|iPhone.Build.0 = Release|Any CPU
		{4017B686-8EB4-46FD-9A92-F17C3FE06791}.Release|iPhoneSimulator.ActiveCfg = Release|Any CPU
		{4017B686-8EB4-46FD-9A92-F17C3FE06791}.Release|iPhoneSimulator.Build.0 = Release|Any CPU
		{F5A77225-B81D-4608-B68C-986502187695}.Debug|Any CPU.ActiveCfg = Debug|Any CPU
		{F5A77225-B81D-4608-B68C-986502187695}.Debug|Any CPU.Build.0 = Debug|Any CPU
		{F5A77225-B81D-4608-B68C-986502187695}.Debug|iPhone.ActiveCfg = Debug|Any CPU
		{F5A77225-B81D-4608-B68C-986502187695}.Debug|iPhone.Build.0 = Debug|Any CPU
		{F5A77225-B81D-4608-B68C-986502187695}.Debug|iPhoneSimulator.ActiveCfg = Debug|Any CPU
		{F5A77225-B81D-4608-B68C-986502187695}.Debug|iPhoneSimulator.Build.0 = Debug|Any CPU
		{F5A77225-B81D-4608-B68C-986502187695}.Release|Any CPU.ActiveCfg = Release|Any CPU
		{F5A77225-B81D-4608-B68C-986502187695}.Release|Any CPU.Build.0 = Release|Any CPU
		{F5A77225-B81D-4608-B68C-986502187695}.Release|iPhone.ActiveCfg = Release|Any CPU
		{F5A77225-B81D-4608-B68C-986502187695}.Release|iPhone.Build.0 = Release|Any CPU
		{F5A77225-B81D-4608-B68C-986502187695}.Release|iPhoneSimulator.ActiveCfg = Release|Any CPU
		{F5A77225-B81D-4608-B68C-986502187695}.Release|iPhoneSimulator.Build.0 = Release|Any CPU
		{A509AD8F-F315-406E-B184-4CB7013F14DD}.Debug|Any CPU.ActiveCfg = Debug|Any CPU
		{A509AD8F-F315-406E-B184-4CB7013F14DD}.Debug|Any CPU.Build.0 = Debug|Any CPU
		{A509AD8F-F315-406E-B184-4CB7013F14DD}.Debug|iPhone.ActiveCfg = Debug|Any CPU
		{A509AD8F-F315-406E-B184-4CB7013F14DD}.Debug|iPhone.Build.0 = Debug|Any CPU
		{A509AD8F-F315-406E-B184-4CB7013F14DD}.Debug|iPhoneSimulator.ActiveCfg = Debug|Any CPU
		{A509AD8F-F315-406E-B184-4CB7013F14DD}.Debug|iPhoneSimulator.Build.0 = Debug|Any CPU
		{A509AD8F-F315-406E-B184-4CB7013F14DD}.Release|Any CPU.ActiveCfg = Release|Any CPU
		{A509AD8F-F315-406E-B184-4CB7013F14DD}.Release|Any CPU.Build.0 = Release|Any CPU
		{A509AD8F-F315-406E-B184-4CB7013F14DD}.Release|iPhone.ActiveCfg = Release|Any CPU
		{A509AD8F-F315-406E-B184-4CB7013F14DD}.Release|iPhone.Build.0 = Release|Any CPU
		{A509AD8F-F315-406E-B184-4CB7013F14DD}.Release|iPhoneSimulator.ActiveCfg = Release|Any CPU
		{A509AD8F-F315-406E-B184-4CB7013F14DD}.Release|iPhoneSimulator.Build.0 = Release|Any CPU
		{876287A7-44DE-4CB6-AA18-BCF69EA36642}.Debug|Any CPU.ActiveCfg = Debug|Any CPU
		{876287A7-44DE-4CB6-AA18-BCF69EA36642}.Debug|Any CPU.Build.0 = Debug|Any CPU
		{876287A7-44DE-4CB6-AA18-BCF69EA36642}.Debug|iPhone.ActiveCfg = Debug|Any CPU
		{876287A7-44DE-4CB6-AA18-BCF69EA36642}.Debug|iPhone.Build.0 = Debug|Any CPU
		{876287A7-44DE-4CB6-AA18-BCF69EA36642}.Debug|iPhoneSimulator.ActiveCfg = Debug|Any CPU
		{876287A7-44DE-4CB6-AA18-BCF69EA36642}.Debug|iPhoneSimulator.Build.0 = Debug|Any CPU
		{876287A7-44DE-4CB6-AA18-BCF69EA36642}.Release|Any CPU.ActiveCfg = Release|Any CPU
		{876287A7-44DE-4CB6-AA18-BCF69EA36642}.Release|Any CPU.Build.0 = Release|Any CPU
		{876287A7-44DE-4CB6-AA18-BCF69EA36642}.Release|iPhone.ActiveCfg = Release|Any CPU
		{876287A7-44DE-4CB6-AA18-BCF69EA36642}.Release|iPhone.Build.0 = Release|Any CPU
		{876287A7-44DE-4CB6-AA18-BCF69EA36642}.Release|iPhoneSimulator.ActiveCfg = Release|Any CPU
		{876287A7-44DE-4CB6-AA18-BCF69EA36642}.Release|iPhoneSimulator.Build.0 = Release|Any CPU
		{7C749BCE-6BAA-4B77-9FE4-19795E870494}.Debug|Any CPU.ActiveCfg = Debug|Any CPU
		{7C749BCE-6BAA-4B77-9FE4-19795E870494}.Debug|Any CPU.Build.0 = Debug|Any CPU
		{7C749BCE-6BAA-4B77-9FE4-19795E870494}.Debug|iPhone.ActiveCfg = Debug|Any CPU
		{7C749BCE-6BAA-4B77-9FE4-19795E870494}.Debug|iPhone.Build.0 = Debug|Any CPU
		{7C749BCE-6BAA-4B77-9FE4-19795E870494}.Debug|iPhoneSimulator.ActiveCfg = Debug|Any CPU
		{7C749BCE-6BAA-4B77-9FE4-19795E870494}.Debug|iPhoneSimulator.Build.0 = Debug|Any CPU
		{7C749BCE-6BAA-4B77-9FE4-19795E870494}.Release|Any CPU.ActiveCfg = Release|Any CPU
		{7C749BCE-6BAA-4B77-9FE4-19795E870494}.Release|Any CPU.Build.0 = Release|Any CPU
		{7C749BCE-6BAA-4B77-9FE4-19795E870494}.Release|iPhone.ActiveCfg = Release|Any CPU
		{7C749BCE-6BAA-4B77-9FE4-19795E870494}.Release|iPhone.Build.0 = Release|Any CPU
		{7C749BCE-6BAA-4B77-9FE4-19795E870494}.Release|iPhoneSimulator.ActiveCfg = Release|Any CPU
		{7C749BCE-6BAA-4B77-9FE4-19795E870494}.Release|iPhoneSimulator.Build.0 = Release|Any CPU
	EndGlobalSection
	GlobalSection(SolutionProperties) = preSolution
		HideSolutionNode = FALSE
	EndGlobalSection
	GlobalSection(NestedProjects) = preSolution
		{2E96985E-4C35-4A3E-AA17-078746F67BFD} = {E78BDCD6-101A-49B6-91E4-F9CFFE201A68}
		{538C0CD1-FE63-4629-BE9E-E62C137715A4} = {E78BDCD6-101A-49B6-91E4-F9CFFE201A68}
		{67E6A805-E635-4345-8A5C-606E1A4598DD} = {538C0CD1-FE63-4629-BE9E-E62C137715A4}
		{4017B686-8EB4-46FD-9A92-F17C3FE06791} = {E78BDCD6-101A-49B6-91E4-F9CFFE201A68}
		{27363E49-5B53-47FC-8F64-DEFB69B6C4CF} = {E78BDCD6-101A-49B6-91E4-F9CFFE201A68}
		{F5A77225-B81D-4608-B68C-986502187695} = {27363E49-5B53-47FC-8F64-DEFB69B6C4CF}
		{A509AD8F-F315-406E-B184-4CB7013F14DD} = {27363E49-5B53-47FC-8F64-DEFB69B6C4CF}
		{876287A7-44DE-4CB6-AA18-BCF69EA36642} = {27363E49-5B53-47FC-8F64-DEFB69B6C4CF}
		{7C749BCE-6BAA-4B77-9FE4-19795E870494} = {27363E49-5B53-47FC-8F64-DEFB69B6C4CF}
	EndGlobalSection
	GlobalSection(ExtensibilityGlobals) = postSolution
		SolutionGuid = {BCD0E030-D448-4A31-B0DD-3070D3B4BDC0}
	EndGlobalSection
EndGlobal
