Microsoft Visual Studio Solution File, Format Version 12.00
# Visual Studio Version 17
VisualStudioVersion = 17.4.33205.214
MinimumVisualStudioVersion = 10.0.40219.1
Project("{2150E333-8FDC-42A3-9474-1A3956D46DE8}") = "Source", "Source", "{134DBACF-FF7A-47F8-9350-64FED0931ED1}"
EndProject
Project("{2150E333-8FDC-42A3-9474-1A3956D46DE8}") = "WinUITest", "WinUITest", "{0BE09BB6-B84B-4006-9512-A93BE65BE692}"
EndProject
Project("{9A19103F-16F7-4668-BE54-9A1E7A4F7556}") = "WinUI3", "Source\WinUITest\WinUI3\WinUI3.csproj", "{C7B52C90-77EA-4404-8992-16A8A68CC08A}"
EndProject
Project("{9A19103F-16F7-4668-BE54-9A1E7A4F7556}") = "WinUI3.Core", "Source\WinUITest\WinUI3.Core\WinUI3.Core.csproj", "{9078925A-D482-4729-95DE-DA4D011D12B4}"
EndProject
Project("{9A19103F-16F7-4668-BE54-9A1E7A4F7556}") = "WinUI3.Tests.MSTest", "Source\WinUITest\WinUI3.Tests.MSTest\WinUI3.Tests.MSTest.csproj", "{5697D06D-8C5C-4F74-9F36-E222CD301D13}"
EndProject
Project("{9A19103F-16F7-4668-BE54-9A1E7A4F7556}") = "WinUI3.Data", "Source\WinUITest\WinUI3.Data\WinUI3.Data.csproj", "{62CCD837-C8F0-4AB5-BDCC-7CE135B70756}"
EndProject
Project("{2150E333-8FDC-42A3-9474-1A3956D46DE8}") = "UWPTest", "UWPTest", "{3C70362A-0926-4C5C-9FDF-4191A1245A8C}"
EndProject
Project("{FAE04EC0-301F-11D3-BF4B-00C04F79EFBC}") = "UWPTest", "Source\UWPTest\UWPTest\UWPTest.csproj", "{45FC8DC5-23D9-4EE5-A617-15D263E83A1B}"
EndProject
Project("{FAE04EC0-301F-11D3-BF4B-00C04F79EFBC}") = "UWPTest.Tests.WinAppDriver", "Source\UWPTest\UWPTest.Tests.WinAppDriver\UWPTest.Tests.WinAppDriver.csproj", "{B10ADD40-218F-49AC-9C84-8E89648261E7}"
EndProject
Project("{FAE04EC0-301F-11D3-BF4B-00C04F79EFBC}") = "UWPTest.Tests.MSTest", "Source\UWPTest\UWPTest.Tests.MSTest\UWPTest.Tests.MSTest.csproj", "{EED255D9-D5A4-42EE-985B-15B3833016C4}"
EndProject
Project("{9A19103F-16F7-4668-BE54-9A1E7A4F7556}") = "UWPTest.Core", "Source\UWPTest\UWPTest.Core\UWPTest.Core.csproj", "{0373B8AC-0794-412C-B73E-43A544A81019}"
EndProject
Project("{9A19103F-16F7-4668-BE54-9A1E7A4F7556}") = "UWPTest.WebApi", "Source\UWPTest\UWPTest.WebApi\UWPTest.WebApi.csproj", "{BB7754FC-B8F3-4E25-A327-21A8E799ED6F}"
EndProject
Project("{9A19103F-16F7-4668-BE54-9A1E7A4F7556}") = "UWPTest.Core.Tests.NUnit", "Source\UWPTest\UWPTest.Core.Tests.NUnit\UWPTest.Core.Tests.NUnit.csproj", "{D513982E-2B17-4107-AA3C-5B8FB0F9C60B}"
EndProject
Project("{2150E333-8FDC-42A3-9474-1A3956D46DE8}") = "MAUITest", "MAUITest", "{AA52C510-028A-40DF-976D-80A7B2B7FE3D}"
EndProject
Project("{9A19103F-16F7-4668-BE54-9A1E7A4F7556}") = "MauiAppTest", "Source\MAUITest\MauiAppTest\MauiAppTest.csproj", "{1E0CC79D-A45A-475B-A3E5-A270F1CF25AB}"
EndProject
Project("{9A19103F-16F7-4668-BE54-9A1E7A4F7556}") = "MauiLib1", "Source\MAUITest\MauiLib1\MauiLib1.csproj", "{332C5E5F-B246-4019-B8EA-E1DEEC8C39B0}"
EndProject
Project("{2150E333-8FDC-42A3-9474-1A3956D46DE8}") = "ConsoleTest", "ConsoleTest", "{6F496ECD-50CA-4761-A6F8-614923382C81}"
EndProject
Project("{9A19103F-16F7-4668-BE54-9A1E7A4F7556}") = "ConsoleApp1", "Source\ConsoleTest\ConsoleApp1\ConsoleApp1.csproj", "{545354FF-31D0-4F17-B2F1-BFEC71BB5B33}"
EndProject
Project("{2150E333-8FDC-42A3-9474-1A3956D46DE8}") = "ASPTest", "ASPTest", "{6830997F-D2AF-4230-B684-EABB4A09B25D}"
EndProject
Project("{9A19103F-16F7-4668-BE54-9A1E7A4F7556}") = "AutofacHandyMVCTest", "Source\ASPTest\AutofacHandyMVCTest\AutofacHandyMVCTest.csproj", "{A381651B-2A63-4395-88D1-872CD12E70B9}"
EndProject
Project("{9A19103F-16F7-4668-BE54-9A1E7A4F7556}") = "ClassLibraryTestMVC", "Source\ASPTest\ClassLibraryTestMVC\ClassLibraryTestMVC.csproj", "{5E5743AF-3283-44B6-B58C-2D74E7B48713}"
EndProject
Global
	GlobalSection(SolutionConfigurationPlatforms) = preSolution
		Debug|Any CPU = Debug|Any CPU
		Debug|ARM = Debug|ARM
		Debug|arm64 = Debug|arm64
		Debug|iPhone = Debug|iPhone
		Debug|iPhoneSimulator = Debug|iPhoneSimulator
		Debug|x64 = Debug|x64
		Debug|x86 = Debug|x86
		Release|Any CPU = Release|Any CPU
		Release|ARM = Release|ARM
		Release|arm64 = Release|arm64
		Release|iPhone = Release|iPhone
		Release|iPhoneSimulator = Release|iPhoneSimulator
		Release|x64 = Release|x64
		Release|x86 = Release|x86
	EndGlobalSection
	GlobalSection(ProjectConfigurationPlatforms) = postSolution
		{C7B52C90-77EA-4404-8992-16A8A68CC08A}.Debug|Any CPU.ActiveCfg = Debug|x64
		{C7B52C90-77EA-4404-8992-16A8A68CC08A}.Debug|Any CPU.Build.0 = Debug|x64
		{C7B52C90-77EA-4404-8992-16A8A68CC08A}.Debug|Any CPU.Deploy.0 = Debug|x64
		{C7B52C90-77EA-4404-8992-16A8A68CC08A}.Debug|ARM.ActiveCfg = Debug|x64
		{C7B52C90-77EA-4404-8992-16A8A68CC08A}.Debug|ARM.Build.0 = Debug|x64
		{C7B52C90-77EA-4404-8992-16A8A68CC08A}.Debug|ARM.Deploy.0 = Debug|x64
		{C7B52C90-77EA-4404-8992-16A8A68CC08A}.Debug|arm64.ActiveCfg = Debug|arm64
		{C7B52C90-77EA-4404-8992-16A8A68CC08A}.Debug|arm64.Build.0 = Debug|arm64
		{C7B52C90-77EA-4404-8992-16A8A68CC08A}.Debug|arm64.Deploy.0 = Debug|arm64
		{C7B52C90-77EA-4404-8992-16A8A68CC08A}.Debug|iPhone.ActiveCfg = Debug|x64
		{C7B52C90-77EA-4404-8992-16A8A68CC08A}.Debug|iPhone.Build.0 = Debug|x64
		{C7B52C90-77EA-4404-8992-16A8A68CC08A}.Debug|iPhone.Deploy.0 = Debug|x64
		{C7B52C90-77EA-4404-8992-16A8A68CC08A}.Debug|iPhoneSimulator.ActiveCfg = Debug|x64
		{C7B52C90-77EA-4404-8992-16A8A68CC08A}.Debug|iPhoneSimulator.Build.0 = Debug|x64
		{C7B52C90-77EA-4404-8992-16A8A68CC08A}.Debug|iPhoneSimulator.Deploy.0 = Debug|x64
		{C7B52C90-77EA-4404-8992-16A8A68CC08A}.Debug|x64.ActiveCfg = Debug|x64
		{C7B52C90-77EA-4404-8992-16A8A68CC08A}.Debug|x64.Build.0 = Debug|x64
		{C7B52C90-77EA-4404-8992-16A8A68CC08A}.Debug|x64.Deploy.0 = Debug|x64
		{C7B52C90-77EA-4404-8992-16A8A68CC08A}.Debug|x86.ActiveCfg = Debug|x86
		{C7B52C90-77EA-4404-8992-16A8A68CC08A}.Debug|x86.Build.0 = Debug|x86
		{C7B52C90-77EA-4404-8992-16A8A68CC08A}.Debug|x86.Deploy.0 = Debug|x86
		{C7B52C90-77EA-4404-8992-16A8A68CC08A}.Release|Any CPU.ActiveCfg = Release|x64
		{C7B52C90-77EA-4404-8992-16A8A68CC08A}.Release|Any CPU.Build.0 = Release|x64
		{C7B52C90-77EA-4404-8992-16A8A68CC08A}.Release|Any CPU.Deploy.0 = Release|x64
		{C7B52C90-77EA-4404-8992-16A8A68CC08A}.Release|ARM.ActiveCfg = Release|x64
		{C7B52C90-77EA-4404-8992-16A8A68CC08A}.Release|ARM.Build.0 = Release|x64
		{C7B52C90-77EA-4404-8992-16A8A68CC08A}.Release|ARM.Deploy.0 = Release|x64
		{C7B52C90-77EA-4404-8992-16A8A68CC08A}.Release|arm64.ActiveCfg = Release|arm64
		{C7B52C90-77EA-4404-8992-16A8A68CC08A}.Release|arm64.Build.0 = Release|arm64
		{C7B52C90-77EA-4404-8992-16A8A68CC08A}.Release|arm64.Deploy.0 = Release|arm64
		{C7B52C90-77EA-4404-8992-16A8A68CC08A}.Release|iPhone.ActiveCfg = Release|x64
		{C7B52C90-77EA-4404-8992-16A8A68CC08A}.Release|iPhone.Build.0 = Release|x64
		{C7B52C90-77EA-4404-8992-16A8A68CC08A}.Release|iPhone.Deploy.0 = Release|x64
		{C7B52C90-77EA-4404-8992-16A8A68CC08A}.Release|iPhoneSimulator.ActiveCfg = Release|x64
		{C7B52C90-77EA-4404-8992-16A8A68CC08A}.Release|iPhoneSimulator.Build.0 = Release|x64
		{C7B52C90-77EA-4404-8992-16A8A68CC08A}.Release|iPhoneSimulator.Deploy.0 = Release|x64
		{C7B52C90-77EA-4404-8992-16A8A68CC08A}.Release|x64.ActiveCfg = Release|x64
		{C7B52C90-77EA-4404-8992-16A8A68CC08A}.Release|x64.Build.0 = Release|x64
		{C7B52C90-77EA-4404-8992-16A8A68CC08A}.Release|x64.Deploy.0 = Release|x64
		{C7B52C90-77EA-4404-8992-16A8A68CC08A}.Release|x86.ActiveCfg = Release|x86
		{C7B52C90-77EA-4404-8992-16A8A68CC08A}.Release|x86.Build.0 = Release|x86
		{C7B52C90-77EA-4404-8992-16A8A68CC08A}.Release|x86.Deploy.0 = Release|x86
		{9078925A-D482-4729-95DE-DA4D011D12B4}.Debug|Any CPU.ActiveCfg = Debug|Any CPU
		{9078925A-D482-4729-95DE-DA4D011D12B4}.Debug|Any CPU.Build.0 = Debug|Any CPU
		{9078925A-D482-4729-95DE-DA4D011D12B4}.Debug|ARM.ActiveCfg = Debug|Any CPU
		{9078925A-D482-4729-95DE-DA4D011D12B4}.Debug|ARM.Build.0 = Debug|Any CPU
		{9078925A-D482-4729-95DE-DA4D011D12B4}.Debug|arm64.ActiveCfg = Debug|arm64
		{9078925A-D482-4729-95DE-DA4D011D12B4}.Debug|arm64.Build.0 = Debug|arm64
		{9078925A-D482-4729-95DE-DA4D011D12B4}.Debug|iPhone.ActiveCfg = Debug|Any CPU
		{9078925A-D482-4729-95DE-DA4D011D12B4}.Debug|iPhone.Build.0 = Debug|Any CPU
		{9078925A-D482-4729-95DE-DA4D011D12B4}.Debug|iPhoneSimulator.ActiveCfg = Debug|Any CPU
		{9078925A-D482-4729-95DE-DA4D011D12B4}.Debug|iPhoneSimulator.Build.0 = Debug|Any CPU
		{9078925A-D482-4729-95DE-DA4D011D12B4}.Debug|x64.ActiveCfg = Debug|x64
		{9078925A-D482-4729-95DE-DA4D011D12B4}.Debug|x64.Build.0 = Debug|x64
		{9078925A-D482-4729-95DE-DA4D011D12B4}.Debug|x86.ActiveCfg = Debug|x86
		{9078925A-D482-4729-95DE-DA4D011D12B4}.Debug|x86.Build.0 = Debug|x86
		{9078925A-D482-4729-95DE-DA4D011D12B4}.Release|Any CPU.ActiveCfg = Release|Any CPU
		{9078925A-D482-4729-95DE-DA4D011D12B4}.Release|Any CPU.Build.0 = Release|Any CPU
		{9078925A-D482-4729-95DE-DA4D011D12B4}.Release|ARM.ActiveCfg = Release|Any CPU
		{9078925A-D482-4729-95DE-DA4D011D12B4}.Release|ARM.Build.0 = Release|Any CPU
		{9078925A-D482-4729-95DE-DA4D011D12B4}.Release|arm64.ActiveCfg = Release|arm64
		{9078925A-D482-4729-95DE-DA4D011D12B4}.Release|arm64.Build.0 = Release|arm64
		{9078925A-D482-4729-95DE-DA4D011D12B4}.Release|iPhone.ActiveCfg = Release|Any CPU
		{9078925A-D482-4729-95DE-DA4D011D12B4}.Release|iPhone.Build.0 = Release|Any CPU
		{9078925A-D482-4729-95DE-DA4D011D12B4}.Release|iPhoneSimulator.ActiveCfg = Release|Any CPU
		{9078925A-D482-4729-95DE-DA4D011D12B4}.Release|iPhoneSimulator.Build.0 = Release|Any CPU
		{9078925A-D482-4729-95DE-DA4D011D12B4}.Release|x64.ActiveCfg = Release|x64
		{9078925A-D482-4729-95DE-DA4D011D12B4}.Release|x64.Build.0 = Release|x64
		{9078925A-D482-4729-95DE-DA4D011D12B4}.Release|x86.ActiveCfg = Release|x86
		{9078925A-D482-4729-95DE-DA4D011D12B4}.Release|x86.Build.0 = Release|x86
		{5697D06D-8C5C-4F74-9F36-E222CD301D13}.Debug|Any CPU.ActiveCfg = Debug|x64
		{5697D06D-8C5C-4F74-9F36-E222CD301D13}.Debug|Any CPU.Build.0 = Debug|x64
		{5697D06D-8C5C-4F74-9F36-E222CD301D13}.Debug|ARM.ActiveCfg = Debug|x64
		{5697D06D-8C5C-4F74-9F36-E222CD301D13}.Debug|ARM.Build.0 = Debug|x64
		{5697D06D-8C5C-4F74-9F36-E222CD301D13}.Debug|arm64.ActiveCfg = Debug|arm64
		{5697D06D-8C5C-4F74-9F36-E222CD301D13}.Debug|arm64.Build.0 = Debug|arm64
		{5697D06D-8C5C-4F74-9F36-E222CD301D13}.Debug|iPhone.ActiveCfg = Debug|x64
		{5697D06D-8C5C-4F74-9F36-E222CD301D13}.Debug|iPhone.Build.0 = Debug|x64
		{5697D06D-8C5C-4F74-9F36-E222CD301D13}.Debug|iPhoneSimulator.ActiveCfg = Debug|x64
		{5697D06D-8C5C-4F74-9F36-E222CD301D13}.Debug|iPhoneSimulator.Build.0 = Debug|x64
		{5697D06D-8C5C-4F74-9F36-E222CD301D13}.Debug|x64.ActiveCfg = Debug|x64
		{5697D06D-8C5C-4F74-9F36-E222CD301D13}.Debug|x64.Build.0 = Debug|x64
		{5697D06D-8C5C-4F74-9F36-E222CD301D13}.Debug|x86.ActiveCfg = Debug|x86
		{5697D06D-8C5C-4F74-9F36-E222CD301D13}.Debug|x86.Build.0 = Debug|x86
		{5697D06D-8C5C-4F74-9F36-E222CD301D13}.Release|Any CPU.ActiveCfg = Release|x64
		{5697D06D-8C5C-4F74-9F36-E222CD301D13}.Release|Any CPU.Build.0 = Release|x64
		{5697D06D-8C5C-4F74-9F36-E222CD301D13}.Release|ARM.ActiveCfg = Release|x64
		{5697D06D-8C5C-4F74-9F36-E222CD301D13}.Release|ARM.Build.0 = Release|x64
		{5697D06D-8C5C-4F74-9F36-E222CD301D13}.Release|arm64.ActiveCfg = Release|arm64
		{5697D06D-8C5C-4F74-9F36-E222CD301D13}.Release|arm64.Build.0 = Release|arm64
		{5697D06D-8C5C-4F74-9F36-E222CD301D13}.Release|iPhone.ActiveCfg = Release|x64
		{5697D06D-8C5C-4F74-9F36-E222CD301D13}.Release|iPhone.Build.0 = Release|x64
		{5697D06D-8C5C-4F74-9F36-E222CD301D13}.Release|iPhoneSimulator.ActiveCfg = Release|x64
		{5697D06D-8C5C-4F74-9F36-E222CD301D13}.Release|iPhoneSimulator.Build.0 = Release|x64
		{5697D06D-8C5C-4F74-9F36-E222CD301D13}.Release|x64.ActiveCfg = Release|x64
		{5697D06D-8C5C-4F74-9F36-E222CD301D13}.Release|x64.Build.0 = Release|x64
		{5697D06D-8C5C-4F74-9F36-E222CD301D13}.Release|x86.ActiveCfg = Release|x86
		{5697D06D-8C5C-4F74-9F36-E222CD301D13}.Release|x86.Build.0 = Release|x86
		{62CCD837-C8F0-4AB5-BDCC-7CE135B70756}.Debug|Any CPU.ActiveCfg = Debug|Any CPU
		{62CCD837-C8F0-4AB5-BDCC-7CE135B70756}.Debug|Any CPU.Build.0 = Debug|Any CPU
		{62CCD837-C8F0-4AB5-BDCC-7CE135B70756}.Debug|ARM.ActiveCfg = Debug|Any CPU
		{62CCD837-C8F0-4AB5-BDCC-7CE135B70756}.Debug|ARM.Build.0 = Debug|Any CPU
		{62CCD837-C8F0-4AB5-BDCC-7CE135B70756}.Debug|arm64.ActiveCfg = Debug|Any CPU
		{62CCD837-C8F0-4AB5-BDCC-7CE135B70756}.Debug|arm64.Build.0 = Debug|Any CPU
		{62CCD837-C8F0-4AB5-BDCC-7CE135B70756}.Debug|iPhone.ActiveCfg = Debug|Any CPU
		{62CCD837-C8F0-4AB5-BDCC-7CE135B70756}.Debug|iPhone.Build.0 = Debug|Any CPU
		{62CCD837-C8F0-4AB5-BDCC-7CE135B70756}.Debug|iPhoneSimulator.ActiveCfg = Debug|Any CPU
		{62CCD837-C8F0-4AB5-BDCC-7CE135B70756}.Debug|iPhoneSimulator.Build.0 = Debug|Any CPU
		{62CCD837-C8F0-4AB5-BDCC-7CE135B70756}.Debug|x64.ActiveCfg = Debug|Any CPU
		{62CCD837-C8F0-4AB5-BDCC-7CE135B70756}.Debug|x64.Build.0 = Debug|Any CPU
		{62CCD837-C8F0-4AB5-BDCC-7CE135B70756}.Debug|x86.ActiveCfg = Debug|Any CPU
		{62CCD837-C8F0-4AB5-BDCC-7CE135B70756}.Debug|x86.Build.0 = Debug|Any CPU
		{62CCD837-C8F0-4AB5-BDCC-7CE135B70756}.Release|Any CPU.ActiveCfg = Release|Any CPU
		{62CCD837-C8F0-4AB5-BDCC-7CE135B70756}.Release|Any CPU.Build.0 = Release|Any CPU
		{62CCD837-C8F0-4AB5-BDCC-7CE135B70756}.Release|ARM.ActiveCfg = Release|Any CPU
		{62CCD837-C8F0-4AB5-BDCC-7CE135B70756}.Release|ARM.Build.0 = Release|Any CPU
		{62CCD837-C8F0-4AB5-BDCC-7CE135B70756}.Release|arm64.ActiveCfg = Release|Any CPU
		{62CCD837-C8F0-4AB5-BDCC-7CE135B70756}.Release|arm64.Build.0 = Release|Any CPU
		{62CCD837-C8F0-4AB5-BDCC-7CE135B70756}.Release|iPhone.ActiveCfg = Release|Any CPU
		{62CCD837-C8F0-4AB5-BDCC-7CE135B70756}.Release|iPhone.Build.0 = Release|Any CPU
		{62CCD837-C8F0-4AB5-BDCC-7CE135B70756}.Release|iPhoneSimulator.ActiveCfg = Release|Any CPU
		{62CCD837-C8F0-4AB5-BDCC-7CE135B70756}.Release|iPhoneSimulator.Build.0 = Release|Any CPU
		{62CCD837-C8F0-4AB5-BDCC-7CE135B70756}.Release|x64.ActiveCfg = Release|Any CPU
		{62CCD837-C8F0-4AB5-BDCC-7CE135B70756}.Release|x64.Build.0 = Release|Any CPU
		{62CCD837-C8F0-4AB5-BDCC-7CE135B70756}.Release|x86.ActiveCfg = Release|Any CPU
		{62CCD837-C8F0-4AB5-BDCC-7CE135B70756}.Release|x86.Build.0 = Release|Any CPU
		{45FC8DC5-23D9-4EE5-A617-15D263E83A1B}.Debug|Any CPU.ActiveCfg = Debug|x64
		{45FC8DC5-23D9-4EE5-A617-15D263E83A1B}.Debug|Any CPU.Build.0 = Debug|x64
		{45FC8DC5-23D9-4EE5-A617-15D263E83A1B}.Debug|Any CPU.Deploy.0 = Debug|x64
		{45FC8DC5-23D9-4EE5-A617-15D263E83A1B}.Debug|ARM.ActiveCfg = Debug|ARM
		{45FC8DC5-23D9-4EE5-A617-15D263E83A1B}.Debug|ARM.Build.0 = Debug|ARM
		{45FC8DC5-23D9-4EE5-A617-15D263E83A1B}.Debug|ARM.Deploy.0 = Debug|ARM
		{45FC8DC5-23D9-4EE5-A617-15D263E83A1B}.Debug|arm64.ActiveCfg = Debug|ARM64
		{45FC8DC5-23D9-4EE5-A617-15D263E83A1B}.Debug|arm64.Build.0 = Debug|ARM64
		{45FC8DC5-23D9-4EE5-A617-15D263E83A1B}.Debug|arm64.Deploy.0 = Debug|ARM64
		{45FC8DC5-23D9-4EE5-A617-15D263E83A1B}.Debug|iPhone.ActiveCfg = Debug|x64
		{45FC8DC5-23D9-4EE5-A617-15D263E83A1B}.Debug|iPhone.Build.0 = Debug|x64
		{45FC8DC5-23D9-4EE5-A617-15D263E83A1B}.Debug|iPhone.Deploy.0 = Debug|x64
		{45FC8DC5-23D9-4EE5-A617-15D263E83A1B}.Debug|iPhoneSimulator.ActiveCfg = Debug|x64
		{45FC8DC5-23D9-4EE5-A617-15D263E83A1B}.Debug|iPhoneSimulator.Build.0 = Debug|x64
		{45FC8DC5-23D9-4EE5-A617-15D263E83A1B}.Debug|iPhoneSimulator.Deploy.0 = Debug|x64
		{45FC8DC5-23D9-4EE5-A617-15D263E83A1B}.Debug|x64.ActiveCfg = Debug|x64
		{45FC8DC5-23D9-4EE5-A617-15D263E83A1B}.Debug|x64.Build.0 = Debug|x64
		{45FC8DC5-23D9-4EE5-A617-15D263E83A1B}.Debug|x64.Deploy.0 = Debug|x64
		{45FC8DC5-23D9-4EE5-A617-15D263E83A1B}.Debug|x86.ActiveCfg = Debug|x86
		{45FC8DC5-23D9-4EE5-A617-15D263E83A1B}.Debug|x86.Build.0 = Debug|x86
		{45FC8DC5-23D9-4EE5-A617-15D263E83A1B}.Debug|x86.Deploy.0 = Debug|x86
		{45FC8DC5-23D9-4EE5-A617-15D263E83A1B}.Release|Any CPU.ActiveCfg = Release|x64
		{45FC8DC5-23D9-4EE5-A617-15D263E83A1B}.Release|Any CPU.Build.0 = Release|x64
		{45FC8DC5-23D9-4EE5-A617-15D263E83A1B}.Release|Any CPU.Deploy.0 = Release|x64
		{45FC8DC5-23D9-4EE5-A617-15D263E83A1B}.Release|ARM.ActiveCfg = Release|ARM
		{45FC8DC5-23D9-4EE5-A617-15D263E83A1B}.Release|ARM.Build.0 = Release|ARM
		{45FC8DC5-23D9-4EE5-A617-15D263E83A1B}.Release|ARM.Deploy.0 = Release|ARM
		{45FC8DC5-23D9-4EE5-A617-15D263E83A1B}.Release|arm64.ActiveCfg = Release|ARM64
		{45FC8DC5-23D9-4EE5-A617-15D263E83A1B}.Release|arm64.Build.0 = Release|ARM64
		{45FC8DC5-23D9-4EE5-A617-15D263E83A1B}.Release|arm64.Deploy.0 = Release|ARM64
		{45FC8DC5-23D9-4EE5-A617-15D263E83A1B}.Release|iPhone.ActiveCfg = Release|x64
		{45FC8DC5-23D9-4EE5-A617-15D263E83A1B}.Release|iPhone.Build.0 = Release|x64
		{45FC8DC5-23D9-4EE5-A617-15D263E83A1B}.Release|iPhone.Deploy.0 = Release|x64
		{45FC8DC5-23D9-4EE5-A617-15D263E83A1B}.Release|iPhoneSimulator.ActiveCfg = Release|x64
		{45FC8DC5-23D9-4EE5-A617-15D263E83A1B}.Release|iPhoneSimulator.Build.0 = Release|x64
		{45FC8DC5-23D9-4EE5-A617-15D263E83A1B}.Release|iPhoneSimulator.Deploy.0 = Release|x64
		{45FC8DC5-23D9-4EE5-A617-15D263E83A1B}.Release|x64.ActiveCfg = Release|x64
		{45FC8DC5-23D9-4EE5-A617-15D263E83A1B}.Release|x64.Build.0 = Release|x64
		{45FC8DC5-23D9-4EE5-A617-15D263E83A1B}.Release|x64.Deploy.0 = Release|x64
		{45FC8DC5-23D9-4EE5-A617-15D263E83A1B}.Release|x86.ActiveCfg = Release|x86
		{45FC8DC5-23D9-4EE5-A617-15D263E83A1B}.Release|x86.Build.0 = Release|x86
		{45FC8DC5-23D9-4EE5-A617-15D263E83A1B}.Release|x86.Deploy.0 = Release|x86
		{B10ADD40-218F-49AC-9C84-8E89648261E7}.Debug|Any CPU.ActiveCfg = Debug|Any CPU
		{B10ADD40-218F-49AC-9C84-8E89648261E7}.Debug|Any CPU.Build.0 = Debug|Any CPU
		{B10ADD40-218F-49AC-9C84-8E89648261E7}.Debug|ARM.ActiveCfg = Debug|Any CPU
		{B10ADD40-218F-49AC-9C84-8E89648261E7}.Debug|ARM.Build.0 = Debug|Any CPU
		{B10ADD40-218F-49AC-9C84-8E89648261E7}.Debug|arm64.ActiveCfg = Debug|Any CPU
		{B10ADD40-218F-49AC-9C84-8E89648261E7}.Debug|arm64.Build.0 = Debug|Any CPU
		{B10ADD40-218F-49AC-9C84-8E89648261E7}.Debug|iPhone.ActiveCfg = Debug|Any CPU
		{B10ADD40-218F-49AC-9C84-8E89648261E7}.Debug|iPhone.Build.0 = Debug|Any CPU
		{B10ADD40-218F-49AC-9C84-8E89648261E7}.Debug|iPhoneSimulator.ActiveCfg = Debug|Any CPU
		{B10ADD40-218F-49AC-9C84-8E89648261E7}.Debug|iPhoneSimulator.Build.0 = Debug|Any CPU
		{B10ADD40-218F-49AC-9C84-8E89648261E7}.Debug|x64.ActiveCfg = Debug|Any CPU
		{B10ADD40-218F-49AC-9C84-8E89648261E7}.Debug|x64.Build.0 = Debug|Any CPU
		{B10ADD40-218F-49AC-9C84-8E89648261E7}.Debug|x86.ActiveCfg = Debug|Any CPU
		{B10ADD40-218F-49AC-9C84-8E89648261E7}.Debug|x86.Build.0 = Debug|Any CPU
		{B10ADD40-218F-49AC-9C84-8E89648261E7}.Release|Any CPU.ActiveCfg = Release|Any CPU
		{B10ADD40-218F-49AC-9C84-8E89648261E7}.Release|Any CPU.Build.0 = Release|Any CPU
		{B10ADD40-218F-49AC-9C84-8E89648261E7}.Release|ARM.ActiveCfg = Release|Any CPU
		{B10ADD40-218F-49AC-9C84-8E89648261E7}.Release|ARM.Build.0 = Release|Any CPU
		{B10ADD40-218F-49AC-9C84-8E89648261E7}.Release|arm64.ActiveCfg = Release|Any CPU
		{B10ADD40-218F-49AC-9C84-8E89648261E7}.Release|arm64.Build.0 = Release|Any CPU
		{B10ADD40-218F-49AC-9C84-8E89648261E7}.Release|iPhone.ActiveCfg = Release|Any CPU
		{B10ADD40-218F-49AC-9C84-8E89648261E7}.Release|iPhone.Build.0 = Release|Any CPU
		{B10ADD40-218F-49AC-9C84-8E89648261E7}.Release|iPhoneSimulator.ActiveCfg = Release|Any CPU
		{B10ADD40-218F-49AC-9C84-8E89648261E7}.Release|iPhoneSimulator.Build.0 = Release|Any CPU
		{B10ADD40-218F-49AC-9C84-8E89648261E7}.Release|x64.ActiveCfg = Release|Any CPU
		{B10ADD40-218F-49AC-9C84-8E89648261E7}.Release|x64.Build.0 = Release|Any CPU
		{B10ADD40-218F-49AC-9C84-8E89648261E7}.Release|x86.ActiveCfg = Release|Any CPU
		{B10ADD40-218F-49AC-9C84-8E89648261E7}.Release|x86.Build.0 = Release|Any CPU
		{EED255D9-D5A4-42EE-985B-15B3833016C4}.Debug|Any CPU.ActiveCfg = Debug|x64
		{EED255D9-D5A4-42EE-985B-15B3833016C4}.Debug|Any CPU.Build.0 = Debug|x64
		{EED255D9-D5A4-42EE-985B-15B3833016C4}.Debug|Any CPU.Deploy.0 = Debug|x64
		{EED255D9-D5A4-42EE-985B-15B3833016C4}.Debug|ARM.ActiveCfg = Debug|ARM
		{EED255D9-D5A4-42EE-985B-15B3833016C4}.Debug|ARM.Build.0 = Debug|ARM
		{EED255D9-D5A4-42EE-985B-15B3833016C4}.Debug|ARM.Deploy.0 = Debug|ARM
		{EED255D9-D5A4-42EE-985B-15B3833016C4}.Debug|arm64.ActiveCfg = Debug|x64
		{EED255D9-D5A4-42EE-985B-15B3833016C4}.Debug|arm64.Build.0 = Debug|x64
		{EED255D9-D5A4-42EE-985B-15B3833016C4}.Debug|arm64.Deploy.0 = Debug|x64
		{EED255D9-D5A4-42EE-985B-15B3833016C4}.Debug|iPhone.ActiveCfg = Debug|x64
		{EED255D9-D5A4-42EE-985B-15B3833016C4}.Debug|iPhone.Build.0 = Debug|x64
		{EED255D9-D5A4-42EE-985B-15B3833016C4}.Debug|iPhone.Deploy.0 = Debug|x64
		{EED255D9-D5A4-42EE-985B-15B3833016C4}.Debug|iPhoneSimulator.ActiveCfg = Debug|x64
		{EED255D9-D5A4-42EE-985B-15B3833016C4}.Debug|iPhoneSimulator.Build.0 = Debug|x64
		{EED255D9-D5A4-42EE-985B-15B3833016C4}.Debug|iPhoneSimulator.Deploy.0 = Debug|x64
		{EED255D9-D5A4-42EE-985B-15B3833016C4}.Debug|x64.ActiveCfg = Debug|x64
		{EED255D9-D5A4-42EE-985B-15B3833016C4}.Debug|x64.Build.0 = Debug|x64
		{EED255D9-D5A4-42EE-985B-15B3833016C4}.Debug|x64.Deploy.0 = Debug|x64
		{EED255D9-D5A4-42EE-985B-15B3833016C4}.Debug|x86.ActiveCfg = Debug|x86
		{EED255D9-D5A4-42EE-985B-15B3833016C4}.Debug|x86.Build.0 = Debug|x86
		{EED255D9-D5A4-42EE-985B-15B3833016C4}.Debug|x86.Deploy.0 = Debug|x86
		{EED255D9-D5A4-42EE-985B-15B3833016C4}.Release|Any CPU.ActiveCfg = Release|x64
		{EED255D9-D5A4-42EE-985B-15B3833016C4}.Release|Any CPU.Build.0 = Release|x64
		{EED255D9-D5A4-42EE-985B-15B3833016C4}.Release|Any CPU.Deploy.0 = Release|x64
		{EED255D9-D5A4-42EE-985B-15B3833016C4}.Release|ARM.ActiveCfg = Release|ARM
		{EED255D9-D5A4-42EE-985B-15B3833016C4}.Release|ARM.Build.0 = Release|ARM
		{EED255D9-D5A4-42EE-985B-15B3833016C4}.Release|ARM.Deploy.0 = Release|ARM
		{EED255D9-D5A4-42EE-985B-15B3833016C4}.Release|arm64.ActiveCfg = Release|x64
		{EED255D9-D5A4-42EE-985B-15B3833016C4}.Release|arm64.Build.0 = Release|x64
		{EED255D9-D5A4-42EE-985B-15B3833016C4}.Release|arm64.Deploy.0 = Release|x64
		{EED255D9-D5A4-42EE-985B-15B3833016C4}.Release|iPhone.ActiveCfg = Release|x64
		{EED255D9-D5A4-42EE-985B-15B3833016C4}.Release|iPhone.Build.0 = Release|x64
		{EED255D9-D5A4-42EE-985B-15B3833016C4}.Release|iPhone.Deploy.0 = Release|x64
		{EED255D9-D5A4-42EE-985B-15B3833016C4}.Release|iPhoneSimulator.ActiveCfg = Release|x64
		{EED255D9-D5A4-42EE-985B-15B3833016C4}.Release|iPhoneSimulator.Build.0 = Release|x64
		{EED255D9-D5A4-42EE-985B-15B3833016C4}.Release|iPhoneSimulator.Deploy.0 = Release|x64
		{EED255D9-D5A4-42EE-985B-15B3833016C4}.Release|x64.ActiveCfg = Release|x64
		{EED255D9-D5A4-42EE-985B-15B3833016C4}.Release|x64.Build.0 = Release|x64
		{EED255D9-D5A4-42EE-985B-15B3833016C4}.Release|x64.Deploy.0 = Release|x64
		{EED255D9-D5A4-42EE-985B-15B3833016C4}.Release|x86.ActiveCfg = Release|x86
		{EED255D9-D5A4-42EE-985B-15B3833016C4}.Release|x86.Build.0 = Release|x86
		{EED255D9-D5A4-42EE-985B-15B3833016C4}.Release|x86.Deploy.0 = Release|x86
		{0373B8AC-0794-412C-B73E-43A544A81019}.Debug|Any CPU.ActiveCfg = Debug|Any CPU
		{0373B8AC-0794-412C-B73E-43A544A81019}.Debug|Any CPU.Build.0 = Debug|Any CPU
		{0373B8AC-0794-412C-B73E-43A544A81019}.Debug|ARM.ActiveCfg = Debug|Any CPU
		{0373B8AC-0794-412C-B73E-43A544A81019}.Debug|ARM.Build.0 = Debug|Any CPU
		{0373B8AC-0794-412C-B73E-43A544A81019}.Debug|arm64.ActiveCfg = Debug|Any CPU
		{0373B8AC-0794-412C-B73E-43A544A81019}.Debug|arm64.Build.0 = Debug|Any CPU
		{0373B8AC-0794-412C-B73E-43A544A81019}.Debug|iPhone.ActiveCfg = Debug|Any CPU
		{0373B8AC-0794-412C-B73E-43A544A81019}.Debug|iPhone.Build.0 = Debug|Any CPU
		{0373B8AC-0794-412C-B73E-43A544A81019}.Debug|iPhoneSimulator.ActiveCfg = Debug|Any CPU
		{0373B8AC-0794-412C-B73E-43A544A81019}.Debug|iPhoneSimulator.Build.0 = Debug|Any CPU
		{0373B8AC-0794-412C-B73E-43A544A81019}.Debug|x64.ActiveCfg = Debug|Any CPU
		{0373B8AC-0794-412C-B73E-43A544A81019}.Debug|x64.Build.0 = Debug|Any CPU
		{0373B8AC-0794-412C-B73E-43A544A81019}.Debug|x86.ActiveCfg = Debug|Any CPU
		{0373B8AC-0794-412C-B73E-43A544A81019}.Debug|x86.Build.0 = Debug|Any CPU
		{0373B8AC-0794-412C-B73E-43A544A81019}.Release|Any CPU.ActiveCfg = Release|Any CPU
		{0373B8AC-0794-412C-B73E-43A544A81019}.Release|Any CPU.Build.0 = Release|Any CPU
		{0373B8AC-0794-412C-B73E-43A544A81019}.Release|ARM.ActiveCfg = Release|Any CPU
		{0373B8AC-0794-412C-B73E-43A544A81019}.Release|ARM.Build.0 = Release|Any CPU
		{0373B8AC-0794-412C-B73E-43A544A81019}.Release|arm64.ActiveCfg = Release|Any CPU
		{0373B8AC-0794-412C-B73E-43A544A81019}.Release|arm64.Build.0 = Release|Any CPU
		{0373B8AC-0794-412C-B73E-43A544A81019}.Release|iPhone.ActiveCfg = Release|Any CPU
		{0373B8AC-0794-412C-B73E-43A544A81019}.Release|iPhone.Build.0 = Release|Any CPU
		{0373B8AC-0794-412C-B73E-43A544A81019}.Release|iPhoneSimulator.ActiveCfg = Release|Any CPU
		{0373B8AC-0794-412C-B73E-43A544A81019}.Release|iPhoneSimulator.Build.0 = Release|Any CPU
		{0373B8AC-0794-412C-B73E-43A544A81019}.Release|x64.ActiveCfg = Release|Any CPU
		{0373B8AC-0794-412C-B73E-43A544A81019}.Release|x64.Build.0 = Release|Any CPU
		{0373B8AC-0794-412C-B73E-43A544A81019}.Release|x86.ActiveCfg = Release|Any CPU
		{0373B8AC-0794-412C-B73E-43A544A81019}.Release|x86.Build.0 = Release|Any CPU
		{BB7754FC-B8F3-4E25-A327-21A8E799ED6F}.Debug|Any CPU.ActiveCfg = Debug|Any CPU
		{BB7754FC-B8F3-4E25-A327-21A8E799ED6F}.Debug|Any CPU.Build.0 = Debug|Any CPU
		{BB7754FC-B8F3-4E25-A327-21A8E799ED6F}.Debug|ARM.ActiveCfg = Debug|Any CPU
		{BB7754FC-B8F3-4E25-A327-21A8E799ED6F}.Debug|ARM.Build.0 = Debug|Any CPU
		{BB7754FC-B8F3-4E25-A327-21A8E799ED6F}.Debug|arm64.ActiveCfg = Debug|Any CPU
		{BB7754FC-B8F3-4E25-A327-21A8E799ED6F}.Debug|arm64.Build.0 = Debug|Any CPU
		{BB7754FC-B8F3-4E25-A327-21A8E799ED6F}.Debug|iPhone.ActiveCfg = Debug|Any CPU
		{BB7754FC-B8F3-4E25-A327-21A8E799ED6F}.Debug|iPhone.Build.0 = Debug|Any CPU
		{BB7754FC-B8F3-4E25-A327-21A8E799ED6F}.Debug|iPhoneSimulator.ActiveCfg = Debug|Any CPU
		{BB7754FC-B8F3-4E25-A327-21A8E799ED6F}.Debug|iPhoneSimulator.Build.0 = Debug|Any CPU
		{BB7754FC-B8F3-4E25-A327-21A8E799ED6F}.Debug|x64.ActiveCfg = Debug|Any CPU
		{BB7754FC-B8F3-4E25-A327-21A8E799ED6F}.Debug|x64.Build.0 = Debug|Any CPU
		{BB7754FC-B8F3-4E25-A327-21A8E799ED6F}.Debug|x86.ActiveCfg = Debug|Any CPU
		{BB7754FC-B8F3-4E25-A327-21A8E799ED6F}.Debug|x86.Build.0 = Debug|Any CPU
		{BB7754FC-B8F3-4E25-A327-21A8E799ED6F}.Release|Any CPU.ActiveCfg = Release|Any CPU
		{BB7754FC-B8F3-4E25-A327-21A8E799ED6F}.Release|Any CPU.Build.0 = Release|Any CPU
		{BB7754FC-B8F3-4E25-A327-21A8E799ED6F}.Release|ARM.ActiveCfg = Release|Any CPU
		{BB7754FC-B8F3-4E25-A327-21A8E799ED6F}.Release|ARM.Build.0 = Release|Any CPU
		{BB7754FC-B8F3-4E25-A327-21A8E799ED6F}.Release|arm64.ActiveCfg = Release|Any CPU
		{BB7754FC-B8F3-4E25-A327-21A8E799ED6F}.Release|arm64.Build.0 = Release|Any CPU
		{BB7754FC-B8F3-4E25-A327-21A8E799ED6F}.Release|iPhone.ActiveCfg = Release|Any CPU
		{BB7754FC-B8F3-4E25-A327-21A8E799ED6F}.Release|iPhone.Build.0 = Release|Any CPU
		{BB7754FC-B8F3-4E25-A327-21A8E799ED6F}.Release|iPhoneSimulator.ActiveCfg = Release|Any CPU
		{BB7754FC-B8F3-4E25-A327-21A8E799ED6F}.Release|iPhoneSimulator.Build.0 = Release|Any CPU
		{BB7754FC-B8F3-4E25-A327-21A8E799ED6F}.Release|x64.ActiveCfg = Release|Any CPU
		{BB7754FC-B8F3-4E25-A327-21A8E799ED6F}.Release|x64.Build.0 = Release|Any CPU
		{BB7754FC-B8F3-4E25-A327-21A8E799ED6F}.Release|x86.ActiveCfg = Release|Any CPU
		{BB7754FC-B8F3-4E25-A327-21A8E799ED6F}.Release|x86.Build.0 = Release|Any CPU
		{D513982E-2B17-4107-AA3C-5B8FB0F9C60B}.Debug|Any CPU.ActiveCfg = Debug|Any CPU
		{D513982E-2B17-4107-AA3C-5B8FB0F9C60B}.Debug|Any CPU.Build.0 = Debug|Any CPU
		{D513982E-2B17-4107-AA3C-5B8FB0F9C60B}.Debug|ARM.ActiveCfg = Debug|Any CPU
		{D513982E-2B17-4107-AA3C-5B8FB0F9C60B}.Debug|ARM.Build.0 = Debug|Any CPU
		{D513982E-2B17-4107-AA3C-5B8FB0F9C60B}.Debug|arm64.ActiveCfg = Debug|Any CPU
		{D513982E-2B17-4107-AA3C-5B8FB0F9C60B}.Debug|arm64.Build.0 = Debug|Any CPU
		{D513982E-2B17-4107-AA3C-5B8FB0F9C60B}.Debug|iPhone.ActiveCfg = Debug|Any CPU
		{D513982E-2B17-4107-AA3C-5B8FB0F9C60B}.Debug|iPhone.Build.0 = Debug|Any CPU
		{D513982E-2B17-4107-AA3C-5B8FB0F9C60B}.Debug|iPhoneSimulator.ActiveCfg = Debug|Any CPU
		{D513982E-2B17-4107-AA3C-5B8FB0F9C60B}.Debug|iPhoneSimulator.Build.0 = Debug|Any CPU
		{D513982E-2B17-4107-AA3C-5B8FB0F9C60B}.Debug|x64.ActiveCfg = Debug|Any CPU
		{D513982E-2B17-4107-AA3C-5B8FB0F9C60B}.Debug|x64.Build.0 = Debug|Any CPU
		{D513982E-2B17-4107-AA3C-5B8FB0F9C60B}.Debug|x86.ActiveCfg = Debug|Any CPU
		{D513982E-2B17-4107-AA3C-5B8FB0F9C60B}.Debug|x86.Build.0 = Debug|Any CPU
		{D513982E-2B17-4107-AA3C-5B8FB0F9C60B}.Release|Any CPU.ActiveCfg = Release|Any CPU
		{D513982E-2B17-4107-AA3C-5B8FB0F9C60B}.Release|Any CPU.Build.0 = Release|Any CPU
		{D513982E-2B17-4107-AA3C-5B8FB0F9C60B}.Release|ARM.ActiveCfg = Release|Any CPU
		{D513982E-2B17-4107-AA3C-5B8FB0F9C60B}.Release|ARM.Build.0 = Release|Any CPU
		{D513982E-2B17-4107-AA3C-5B8FB0F9C60B}.Release|arm64.ActiveCfg = Release|Any CPU
		{D513982E-2B17-4107-AA3C-5B8FB0F9C60B}.Release|arm64.Build.0 = Release|Any CPU
		{D513982E-2B17-4107-AA3C-5B8FB0F9C60B}.Release|iPhone.ActiveCfg = Release|Any CPU
		{D513982E-2B17-4107-AA3C-5B8FB0F9C60B}.Release|iPhone.Build.0 = Release|Any CPU
		{D513982E-2B17-4107-AA3C-5B8FB0F9C60B}.Release|iPhoneSimulator.ActiveCfg = Release|Any CPU
		{D513982E-2B17-4107-AA3C-5B8FB0F9C60B}.Release|iPhoneSimulator.Build.0 = Release|Any CPU
		{D513982E-2B17-4107-AA3C-5B8FB0F9C60B}.Release|x64.ActiveCfg = Release|Any CPU
		{D513982E-2B17-4107-AA3C-5B8FB0F9C60B}.Release|x64.Build.0 = Release|Any CPU
		{D513982E-2B17-4107-AA3C-5B8FB0F9C60B}.Release|x86.ActiveCfg = Release|Any CPU
		{D513982E-2B17-4107-AA3C-5B8FB0F9C60B}.Release|x86.Build.0 = Release|Any CPU
		{1E0CC79D-A45A-475B-A3E5-A270F1CF25AB}.Debug|Any CPU.ActiveCfg = Debug|Any CPU
		{1E0CC79D-A45A-475B-A3E5-A270F1CF25AB}.Debug|Any CPU.Build.0 = Debug|Any CPU
		{1E0CC79D-A45A-475B-A3E5-A270F1CF25AB}.Debug|Any CPU.Deploy.0 = Debug|Any CPU
		{1E0CC79D-A45A-475B-A3E5-A270F1CF25AB}.Debug|ARM.ActiveCfg = Debug|Any CPU
		{1E0CC79D-A45A-475B-A3E5-A270F1CF25AB}.Debug|ARM.Build.0 = Debug|Any CPU
		{1E0CC79D-A45A-475B-A3E5-A270F1CF25AB}.Debug|ARM.Deploy.0 = Debug|Any CPU
		{1E0CC79D-A45A-475B-A3E5-A270F1CF25AB}.Debug|arm64.ActiveCfg = Debug|Any CPU
		{1E0CC79D-A45A-475B-A3E5-A270F1CF25AB}.Debug|arm64.Build.0 = Debug|Any CPU
		{1E0CC79D-A45A-475B-A3E5-A270F1CF25AB}.Debug|arm64.Deploy.0 = Debug|Any CPU
		{1E0CC79D-A45A-475B-A3E5-A270F1CF25AB}.Debug|iPhone.ActiveCfg = Debug|Any CPU
		{1E0CC79D-A45A-475B-A3E5-A270F1CF25AB}.Debug|iPhone.Build.0 = Debug|Any CPU
		{1E0CC79D-A45A-475B-A3E5-A270F1CF25AB}.Debug|iPhone.Deploy.0 = Debug|Any CPU
		{1E0CC79D-A45A-475B-A3E5-A270F1CF25AB}.Debug|iPhoneSimulator.ActiveCfg = Debug|Any CPU
		{1E0CC79D-A45A-475B-A3E5-A270F1CF25AB}.Debug|iPhoneSimulator.Build.0 = Debug|Any CPU
		{1E0CC79D-A45A-475B-A3E5-A270F1CF25AB}.Debug|iPhoneSimulator.Deploy.0 = Debug|Any CPU
		{1E0CC79D-A45A-475B-A3E5-A270F1CF25AB}.Debug|x64.ActiveCfg = Debug|Any CPU
		{1E0CC79D-A45A-475B-A3E5-A270F1CF25AB}.Debug|x64.Build.0 = Debug|Any CPU
		{1E0CC79D-A45A-475B-A3E5-A270F1CF25AB}.Debug|x64.Deploy.0 = Debug|Any CPU
		{1E0CC79D-A45A-475B-A3E5-A270F1CF25AB}.Debug|x86.ActiveCfg = Debug|Any CPU
		{1E0CC79D-A45A-475B-A3E5-A270F1CF25AB}.Debug|x86.Build.0 = Debug|Any CPU
		{1E0CC79D-A45A-475B-A3E5-A270F1CF25AB}.Debug|x86.Deploy.0 = Debug|Any CPU
		{1E0CC79D-A45A-475B-A3E5-A270F1CF25AB}.Release|Any CPU.ActiveCfg = Release|Any CPU
		{1E0CC79D-A45A-475B-A3E5-A270F1CF25AB}.Release|Any CPU.Build.0 = Release|Any CPU
		{1E0CC79D-A45A-475B-A3E5-A270F1CF25AB}.Release|Any CPU.Deploy.0 = Release|Any CPU
		{1E0CC79D-A45A-475B-A3E5-A270F1CF25AB}.Release|ARM.ActiveCfg = Release|Any CPU
		{1E0CC79D-A45A-475B-A3E5-A270F1CF25AB}.Release|ARM.Build.0 = Release|Any CPU
		{1E0CC79D-A45A-475B-A3E5-A270F1CF25AB}.Release|ARM.Deploy.0 = Release|Any CPU
		{1E0CC79D-A45A-475B-A3E5-A270F1CF25AB}.Release|arm64.ActiveCfg = Release|Any CPU
		{1E0CC79D-A45A-475B-A3E5-A270F1CF25AB}.Release|arm64.Build.0 = Release|Any CPU
		{1E0CC79D-A45A-475B-A3E5-A270F1CF25AB}.Release|arm64.Deploy.0 = Release|Any CPU
		{1E0CC79D-A45A-475B-A3E5-A270F1CF25AB}.Release|iPhone.ActiveCfg = Release|Any CPU
		{1E0CC79D-A45A-475B-A3E5-A270F1CF25AB}.Release|iPhone.Build.0 = Release|Any CPU
		{1E0CC79D-A45A-475B-A3E5-A270F1CF25AB}.Release|iPhone.Deploy.0 = Release|Any CPU
		{1E0CC79D-A45A-475B-A3E5-A270F1CF25AB}.Release|iPhoneSimulator.ActiveCfg = Release|Any CPU
		{1E0CC79D-A45A-475B-A3E5-A270F1CF25AB}.Release|iPhoneSimulator.Build.0 = Release|Any CPU
		{1E0CC79D-A45A-475B-A3E5-A270F1CF25AB}.Release|iPhoneSimulator.Deploy.0 = Release|Any CPU
		{1E0CC79D-A45A-475B-A3E5-A270F1CF25AB}.Release|x64.ActiveCfg = Release|Any CPU
		{1E0CC79D-A45A-475B-A3E5-A270F1CF25AB}.Release|x64.Build.0 = Release|Any CPU
		{1E0CC79D-A45A-475B-A3E5-A270F1CF25AB}.Release|x64.Deploy.0 = Release|Any CPU
		{1E0CC79D-A45A-475B-A3E5-A270F1CF25AB}.Release|x86.ActiveCfg = Release|Any CPU
		{1E0CC79D-A45A-475B-A3E5-A270F1CF25AB}.Release|x86.Build.0 = Release|Any CPU
		{1E0CC79D-A45A-475B-A3E5-A270F1CF25AB}.Release|x86.Deploy.0 = Release|Any CPU
		{332C5E5F-B246-4019-B8EA-E1DEEC8C39B0}.Debug|Any CPU.ActiveCfg = Debug|Any CPU
		{332C5E5F-B246-4019-B8EA-E1DEEC8C39B0}.Debug|Any CPU.Build.0 = Debug|Any CPU
		{332C5E5F-B246-4019-B8EA-E1DEEC8C39B0}.Debug|ARM.ActiveCfg = Debug|Any CPU
		{332C5E5F-B246-4019-B8EA-E1DEEC8C39B0}.Debug|ARM.Build.0 = Debug|Any CPU
		{332C5E5F-B246-4019-B8EA-E1DEEC8C39B0}.Debug|arm64.ActiveCfg = Debug|Any CPU
		{332C5E5F-B246-4019-B8EA-E1DEEC8C39B0}.Debug|arm64.Build.0 = Debug|Any CPU
		{332C5E5F-B246-4019-B8EA-E1DEEC8C39B0}.Debug|iPhone.ActiveCfg = Debug|Any CPU
		{332C5E5F-B246-4019-B8EA-E1DEEC8C39B0}.Debug|iPhone.Build.0 = Debug|Any CPU
		{332C5E5F-B246-4019-B8EA-E1DEEC8C39B0}.Debug|iPhoneSimulator.ActiveCfg = Debug|Any CPU
		{332C5E5F-B246-4019-B8EA-E1DEEC8C39B0}.Debug|iPhoneSimulator.Build.0 = Debug|Any CPU
		{332C5E5F-B246-4019-B8EA-E1DEEC8C39B0}.Debug|x64.ActiveCfg = Debug|Any CPU
		{332C5E5F-B246-4019-B8EA-E1DEEC8C39B0}.Debug|x64.Build.0 = Debug|Any CPU
		{332C5E5F-B246-4019-B8EA-E1DEEC8C39B0}.Debug|x86.ActiveCfg = Debug|Any CPU
		{332C5E5F-B246-4019-B8EA-E1DEEC8C39B0}.Debug|x86.Build.0 = Debug|Any CPU
		{332C5E5F-B246-4019-B8EA-E1DEEC8C39B0}.Release|Any CPU.ActiveCfg = Release|Any CPU
		{332C5E5F-B246-4019-B8EA-E1DEEC8C39B0}.Release|Any CPU.Build.0 = Release|Any CPU
		{332C5E5F-B246-4019-B8EA-E1DEEC8C39B0}.Release|ARM.ActiveCfg = Release|Any CPU
		{332C5E5F-B246-4019-B8EA-E1DEEC8C39B0}.Release|ARM.Build.0 = Release|Any CPU
		{332C5E5F-B246-4019-B8EA-E1DEEC8C39B0}.Release|arm64.ActiveCfg = Release|Any CPU
		{332C5E5F-B246-4019-B8EA-E1DEEC8C39B0}.Release|arm64.Build.0 = Release|Any CPU
		{332C5E5F-B246-4019-B8EA-E1DEEC8C39B0}.Release|iPhone.ActiveCfg = Release|Any CPU
		{332C5E5F-B246-4019-B8EA-E1DEEC8C39B0}.Release|iPhone.Build.0 = Release|Any CPU
		{332C5E5F-B246-4019-B8EA-E1DEEC8C39B0}.Release|iPhoneSimulator.ActiveCfg = Release|Any CPU
		{332C5E5F-B246-4019-B8EA-E1DEEC8C39B0}.Release|iPhoneSimulator.Build.0 = Release|Any CPU
		{332C5E5F-B246-4019-B8EA-E1DEEC8C39B0}.Release|x64.ActiveCfg = Release|Any CPU
		{332C5E5F-B246-4019-B8EA-E1DEEC8C39B0}.Release|x64.Build.0 = Release|Any CPU
		{332C5E5F-B246-4019-B8EA-E1DEEC8C39B0}.Release|x86.ActiveCfg = Release|Any CPU
		{332C5E5F-B246-4019-B8EA-E1DEEC8C39B0}.Release|x86.Build.0 = Release|Any CPU
		{545354FF-31D0-4F17-B2F1-BFEC71BB5B33}.Debug|Any CPU.ActiveCfg = Debug|Any CPU
		{545354FF-31D0-4F17-B2F1-BFEC71BB5B33}.Debug|Any CPU.Build.0 = Debug|Any CPU
		{545354FF-31D0-4F17-B2F1-BFEC71BB5B33}.Debug|ARM.ActiveCfg = Debug|Any CPU
		{545354FF-31D0-4F17-B2F1-BFEC71BB5B33}.Debug|ARM.Build.0 = Debug|Any CPU
		{545354FF-31D0-4F17-B2F1-BFEC71BB5B33}.Debug|arm64.ActiveCfg = Debug|Any CPU
		{545354FF-31D0-4F17-B2F1-BFEC71BB5B33}.Debug|arm64.Build.0 = Debug|Any CPU
		{545354FF-31D0-4F17-B2F1-BFEC71BB5B33}.Debug|iPhone.ActiveCfg = Debug|Any CPU
		{545354FF-31D0-4F17-B2F1-BFEC71BB5B33}.Debug|iPhone.Build.0 = Debug|Any CPU
		{545354FF-31D0-4F17-B2F1-BFEC71BB5B33}.Debug|iPhoneSimulator.ActiveCfg = Debug|Any CPU
		{545354FF-31D0-4F17-B2F1-BFEC71BB5B33}.Debug|iPhoneSimulator.Build.0 = Debug|Any CPU
		{545354FF-31D0-4F17-B2F1-BFEC71BB5B33}.Debug|x64.ActiveCfg = Debug|Any CPU
		{545354FF-31D0-4F17-B2F1-BFEC71BB5B33}.Debug|x64.Build.0 = Debug|Any CPU
		{545354FF-31D0-4F17-B2F1-BFEC71BB5B33}.Debug|x86.ActiveCfg = Debug|Any CPU
		{545354FF-31D0-4F17-B2F1-BFEC71BB5B33}.Debug|x86.Build.0 = Debug|Any CPU
		{545354FF-31D0-4F17-B2F1-BFEC71BB5B33}.Release|Any CPU.ActiveCfg = Release|Any CPU
		{545354FF-31D0-4F17-B2F1-BFEC71BB5B33}.Release|Any CPU.Build.0 = Release|Any CPU
		{545354FF-31D0-4F17-B2F1-BFEC71BB5B33}.Release|ARM.ActiveCfg = Release|Any CPU
		{545354FF-31D0-4F17-B2F1-BFEC71BB5B33}.Release|ARM.Build.0 = Release|Any CPU
		{545354FF-31D0-4F17-B2F1-BFEC71BB5B33}.Release|arm64.ActiveCfg = Release|Any CPU
		{545354FF-31D0-4F17-B2F1-BFEC71BB5B33}.Release|arm64.Build.0 = Release|Any CPU
		{545354FF-31D0-4F17-B2F1-BFEC71BB5B33}.Release|iPhone.ActiveCfg = Release|Any CPU
		{545354FF-31D0-4F17-B2F1-BFEC71BB5B33}.Release|iPhone.Build.0 = Release|Any CPU
		{545354FF-31D0-4F17-B2F1-BFEC71BB5B33}.Release|iPhoneSimulator.ActiveCfg = Release|Any CPU
		{545354FF-31D0-4F17-B2F1-BFEC71BB5B33}.Release|iPhoneSimulator.Build.0 = Release|Any CPU
		{545354FF-31D0-4F17-B2F1-BFEC71BB5B33}.Release|x64.ActiveCfg = Release|Any CPU
		{545354FF-31D0-4F17-B2F1-BFEC71BB5B33}.Release|x64.Build.0 = Release|Any CPU
		{545354FF-31D0-4F17-B2F1-BFEC71BB5B33}.Release|x86.ActiveCfg = Release|Any CPU
		{545354FF-31D0-4F17-B2F1-BFEC71BB5B33}.Release|x86.Build.0 = Release|Any CPU
		{A381651B-2A63-4395-88D1-872CD12E70B9}.Debug|Any CPU.ActiveCfg = Debug|Any CPU
		{A381651B-2A63-4395-88D1-872CD12E70B9}.Debug|Any CPU.Build.0 = Debug|Any CPU
		{A381651B-2A63-4395-88D1-872CD12E70B9}.Debug|ARM.ActiveCfg = Debug|Any CPU
		{A381651B-2A63-4395-88D1-872CD12E70B9}.Debug|ARM.Build.0 = Debug|Any CPU
		{A381651B-2A63-4395-88D1-872CD12E70B9}.Debug|arm64.ActiveCfg = Debug|Any CPU
		{A381651B-2A63-4395-88D1-872CD12E70B9}.Debug|arm64.Build.0 = Debug|Any CPU
		{A381651B-2A63-4395-88D1-872CD12E70B9}.Debug|iPhone.ActiveCfg = Debug|Any CPU
		{A381651B-2A63-4395-88D1-872CD12E70B9}.Debug|iPhone.Build.0 = Debug|Any CPU
		{A381651B-2A63-4395-88D1-872CD12E70B9}.Debug|iPhoneSimulator.ActiveCfg = Debug|Any CPU
		{A381651B-2A63-4395-88D1-872CD12E70B9}.Debug|iPhoneSimulator.Build.0 = Debug|Any CPU
		{A381651B-2A63-4395-88D1-872CD12E70B9}.Debug|x64.ActiveCfg = Debug|Any CPU
		{A381651B-2A63-4395-88D1-872CD12E70B9}.Debug|x64.Build.0 = Debug|Any CPU
		{A381651B-2A63-4395-88D1-872CD12E70B9}.Debug|x86.ActiveCfg = Debug|Any CPU
		{A381651B-2A63-4395-88D1-872CD12E70B9}.Debug|x86.Build.0 = Debug|Any CPU
		{A381651B-2A63-4395-88D1-872CD12E70B9}.Release|Any CPU.ActiveCfg = Release|Any CPU
		{A381651B-2A63-4395-88D1-872CD12E70B9}.Release|Any CPU.Build.0 = Release|Any CPU
		{A381651B-2A63-4395-88D1-872CD12E70B9}.Release|ARM.ActiveCfg = Release|Any CPU
		{A381651B-2A63-4395-88D1-872CD12E70B9}.Release|ARM.Build.0 = Release|Any CPU
		{A381651B-2A63-4395-88D1-872CD12E70B9}.Release|arm64.ActiveCfg = Release|Any CPU
		{A381651B-2A63-4395-88D1-872CD12E70B9}.Release|arm64.Build.0 = Release|Any CPU
		{A381651B-2A63-4395-88D1-872CD12E70B9}.Release|iPhone.ActiveCfg = Release|Any CPU
		{A381651B-2A63-4395-88D1-872CD12E70B9}.Release|iPhone.Build.0 = Release|Any CPU
		{A381651B-2A63-4395-88D1-872CD12E70B9}.Release|iPhoneSimulator.ActiveCfg = Release|Any CPU
		{A381651B-2A63-4395-88D1-872CD12E70B9}.Release|iPhoneSimulator.Build.0 = Release|Any CPU
		{A381651B-2A63-4395-88D1-872CD12E70B9}.Release|x64.ActiveCfg = Release|Any CPU
		{A381651B-2A63-4395-88D1-872CD12E70B9}.Release|x64.Build.0 = Release|Any CPU
		{A381651B-2A63-4395-88D1-872CD12E70B9}.Release|x86.ActiveCfg = Release|Any CPU
		{A381651B-2A63-4395-88D1-872CD12E70B9}.Release|x86.Build.0 = Release|Any CPU
		{5E5743AF-3283-44B6-B58C-2D74E7B48713}.Debug|Any CPU.ActiveCfg = Debug|Any CPU
		{5E5743AF-3283-44B6-B58C-2D74E7B48713}.Debug|Any CPU.Build.0 = Debug|Any CPU
		{5E5743AF-3283-44B6-B58C-2D74E7B48713}.Debug|ARM.ActiveCfg = Debug|Any CPU
		{5E5743AF-3283-44B6-B58C-2D74E7B48713}.Debug|ARM.Build.0 = Debug|Any CPU
		{5E5743AF-3283-44B6-B58C-2D74E7B48713}.Debug|arm64.ActiveCfg = Debug|Any CPU
		{5E5743AF-3283-44B6-B58C-2D74E7B48713}.Debug|arm64.Build.0 = Debug|Any CPU
		{5E5743AF-3283-44B6-B58C-2D74E7B48713}.Debug|iPhone.ActiveCfg = Debug|Any CPU
		{5E5743AF-3283-44B6-B58C-2D74E7B48713}.Debug|iPhone.Build.0 = Debug|Any CPU
		{5E5743AF-3283-44B6-B58C-2D74E7B48713}.Debug|iPhoneSimulator.ActiveCfg = Debug|Any CPU
		{5E5743AF-3283-44B6-B58C-2D74E7B48713}.Debug|iPhoneSimulator.Build.0 = Debug|Any CPU
		{5E5743AF-3283-44B6-B58C-2D74E7B48713}.Debug|x64.ActiveCfg = Debug|Any CPU
		{5E5743AF-3283-44B6-B58C-2D74E7B48713}.Debug|x64.Build.0 = Debug|Any CPU
		{5E5743AF-3283-44B6-B58C-2D74E7B48713}.Debug|x86.ActiveCfg = Debug|Any CPU
		{5E5743AF-3283-44B6-B58C-2D74E7B48713}.Debug|x86.Build.0 = Debug|Any CPU
		{5E5743AF-3283-44B6-B58C-2D74E7B48713}.Release|Any CPU.ActiveCfg = Release|Any CPU
		{5E5743AF-3283-44B6-B58C-2D74E7B48713}.Release|Any CPU.Build.0 = Release|Any CPU
		{5E5743AF-3283-44B6-B58C-2D74E7B48713}.Release|ARM.ActiveCfg = Release|Any CPU
		{5E5743AF-3283-44B6-B58C-2D74E7B48713}.Release|ARM.Build.0 = Release|Any CPU
		{5E5743AF-3283-44B6-B58C-2D74E7B48713}.Release|arm64.ActiveCfg = Release|Any CPU
		{5E5743AF-3283-44B6-B58C-2D74E7B48713}.Release|arm64.Build.0 = Release|Any CPU
		{5E5743AF-3283-44B6-B58C-2D74E7B48713}.Release|iPhone.ActiveCfg = Release|Any CPU
		{5E5743AF-3283-44B6-B58C-2D74E7B48713}.Release|iPhone.Build.0 = Release|Any CPU
		{5E5743AF-3283-44B6-B58C-2D74E7B48713}.Release|iPhoneSimulator.ActiveCfg = Release|Any CPU
		{5E5743AF-3283-44B6-B58C-2D74E7B48713}.Release|iPhoneSimulator.Build.0 = Release|Any CPU
		{5E5743AF-3283-44B6-B58C-2D74E7B48713}.Release|x64.ActiveCfg = Release|Any CPU
		{5E5743AF-3283-44B6-B58C-2D74E7B48713}.Release|x64.Build.0 = Release|Any CPU
		{5E5743AF-3283-44B6-B58C-2D74E7B48713}.Release|x86.ActiveCfg = Release|Any CPU
		{5E5743AF-3283-44B6-B58C-2D74E7B48713}.Release|x86.Build.0 = Release|Any CPU
	EndGlobalSection
	GlobalSection(SolutionProperties) = preSolution
		HideSolutionNode = FALSE
	EndGlobalSection
	GlobalSection(NestedProjects) = preSolution
		{0BE09BB6-B84B-4006-9512-A93BE65BE692} = {134DBACF-FF7A-47F8-9350-64FED0931ED1}
		{C7B52C90-77EA-4404-8992-16A8A68CC08A} = {0BE09BB6-B84B-4006-9512-A93BE65BE692}
		{9078925A-D482-4729-95DE-DA4D011D12B4} = {0BE09BB6-B84B-4006-9512-A93BE65BE692}
		{5697D06D-8C5C-4F74-9F36-E222CD301D13} = {0BE09BB6-B84B-4006-9512-A93BE65BE692}
		{62CCD837-C8F0-4AB5-BDCC-7CE135B70756} = {0BE09BB6-B84B-4006-9512-A93BE65BE692}
		{3C70362A-0926-4C5C-9FDF-4191A1245A8C} = {134DBACF-FF7A-47F8-9350-64FED0931ED1}
		{45FC8DC5-23D9-4EE5-A617-15D263E83A1B} = {3C70362A-0926-4C5C-9FDF-4191A1245A8C}
		{B10ADD40-218F-49AC-9C84-8E89648261E7} = {3C70362A-0926-4C5C-9FDF-4191A1245A8C}
		{EED255D9-D5A4-42EE-985B-15B3833016C4} = {3C70362A-0926-4C5C-9FDF-4191A1245A8C}
		{0373B8AC-0794-412C-B73E-43A544A81019} = {3C70362A-0926-4C5C-9FDF-4191A1245A8C}
		{BB7754FC-B8F3-4E25-A327-21A8E799ED6F} = {3C70362A-0926-4C5C-9FDF-4191A1245A8C}
		{D513982E-2B17-4107-AA3C-5B8FB0F9C60B} = {3C70362A-0926-4C5C-9FDF-4191A1245A8C}
		{AA52C510-028A-40DF-976D-80A7B2B7FE3D} = {134DBACF-FF7A-47F8-9350-64FED0931ED1}
		{1E0CC79D-A45A-475B-A3E5-A270F1CF25AB} = {AA52C510-028A-40DF-976D-80A7B2B7FE3D}
		{332C5E5F-B246-4019-B8EA-E1DEEC8C39B0} = {AA52C510-028A-40DF-976D-80A7B2B7FE3D}
		{6F496ECD-50CA-4761-A6F8-614923382C81} = {134DBACF-FF7A-47F8-9350-64FED0931ED1}
		{545354FF-31D0-4F17-B2F1-BFEC71BB5B33} = {6F496ECD-50CA-4761-A6F8-614923382C81}
		{6830997F-D2AF-4230-B684-EABB4A09B25D} = {134DBACF-FF7A-47F8-9350-64FED0931ED1}
		{A381651B-2A63-4395-88D1-872CD12E70B9} = {6830997F-D2AF-4230-B684-EABB4A09B25D}
		{5E5743AF-3283-44B6-B58C-2D74E7B48713} = {6830997F-D2AF-4230-B684-EABB4A09B25D}
	EndGlobalSection
	GlobalSection(ExtensibilityGlobals) = postSolution
		SolutionGuid = {A61ED81F-7D90-4866-97A2-473589EDA414}
	EndGlobalSection
EndGlobal
