Microsoft Visual Studio Solution File, Format Version 12.00
# Visual Studio Version 17
VisualStudioVersion = 17.4.33205.214
MinimumVisualStudioVersion = 10.0.40219.1
Project("{2150E333-8FDC-42A3-9474-1A3956D46DE8}") = "Source", "Source", "{134DBACF-FF7A-47F8-9350-64FED0931ED1}"
EndProject
Project("{2150E333-8FDC-42A3-9474-1A3956D46DE8}") = "WinUITest", "WinUITest", "{0BE09BB6-B84B-4006-9512-A93BE65BE692}"
EndProject
Project("{9A19103F-16F7-4668-BE54-9A1E7A4F7556}") = "WinUI3", "Source\WinUITest\WinUI3\WinUI3.csproj", "{C7B52C90-77EA-4404-8992-16A8A68CC08A}"
EndProject
Project("{9A19103F-16F7-4668-BE54-9A1E7A4F7556}") = "WinUI3.Core", "Source\WinUITest\WinUI3.Core\WinUI3.Core.csproj", "{9078925A-D482-4729-95DE-DA4D011D12B4}"
EndProject
Project("{9A19103F-16F7-4668-BE54-9A1E7A4F7556}") = "WinUI3.Tests.MSTest", "Source\WinUITest\WinUI3.Tests.MSTest\WinUI3.Tests.MSTest.csproj", "{5697D06D-8C5C-4F74-9F36-E222CD301D13}"
EndProject
Project("{9A19103F-16F7-4668-BE54-9A1E7A4F7556}") = "WinUI3.Data", "Source\WinUITest\WinUI3.Data\WinUI3.Data.csproj", "{62CCD837-C8F0-4AB5-BDCC-7CE135B70756}"
EndProject
Global
	GlobalSection(SolutionConfigurationPlatforms) = preSolution
		Debug|Any CPU = Debug|Any CPU
		Debug|ARM = Debug|ARM
		Debug|arm64 = Debug|arm64
		Debug|iPhone = Debug|iPhone
		Debug|iPhoneSimulator = Debug|iPhoneSimulator
		Debug|x64 = Debug|x64
		Debug|x86 = Debug|x86
		Release|Any CPU = Release|Any CPU
		Release|ARM = Release|ARM
		Release|arm64 = Release|arm64
		Release|iPhone = Release|iPhone
		Release|iPhoneSimulator = Release|iPhoneSimulator
		Release|x64 = Release|x64
		Release|x86 = Release|x86
	EndGlobalSection
	GlobalSection(ProjectConfigurationPlatforms) = postSolution
		{C7B52C90-77EA-4404-8992-16A8A68CC08A}.Debug|Any CPU.ActiveCfg = Debug|x64
		{C7B52C90-77EA-4404-8992-16A8A68CC08A}.Debug|Any CPU.Build.0 = Debug|x64
		{C7B52C90-77EA-4404-8992-16A8A68CC08A}.Debug|Any CPU.Deploy.0 = Debug|x64
		{C7B52C90-77EA-4404-8992-16A8A68CC08A}.Debug|ARM.ActiveCfg = Debug|x64
		{C7B52C90-77EA-4404-8992-16A8A68CC08A}.Debug|ARM.Build.0 = Debug|x64
		{C7B52C90-77EA-4404-8992-16A8A68CC08A}.Debug|ARM.Deploy.0 = Debug|x64
		{C7B52C90-77EA-4404-8992-16A8A68CC08A}.Debug|arm64.ActiveCfg = Debug|arm64
		{C7B52C90-77EA-4404-8992-16A8A68CC08A}.Debug|arm64.Build.0 = Debug|arm64
		{C7B52C90-77EA-4404-8992-16A8A68CC08A}.Debug|arm64.Deploy.0 = Debug|arm64
		{C7B52C90-77EA-4404-8992-16A8A68CC08A}.Debug|iPhone.ActiveCfg = Debug|x64
		{C7B52C90-77EA-4404-8992-16A8A68CC08A}.Debug|iPhone.Build.0 = Debug|x64
		{C7B52C90-77EA-4404-8992-16A8A68CC08A}.Debug|iPhone.Deploy.0 = Debug|x64
		{C7B52C90-77EA-4404-8992-16A8A68CC08A}.Debug|iPhoneSimulator.ActiveCfg = Debug|x64
		{C7B52C90-77EA-4404-8992-16A8A68CC08A}.Debug|iPhoneSimulator.Build.0 = Debug|x64
		{C7B52C90-77EA-4404-8992-16A8A68CC08A}.Debug|iPhoneSimulator.Deploy.0 = Debug|x64
		{C7B52C90-77EA-4404-8992-16A8A68CC08A}.Debug|x64.ActiveCfg = Debug|x64
		{C7B52C90-77EA-4404-8992-16A8A68CC08A}.Debug|x64.Build.0 = Debug|x64
		{C7B52C90-77EA-4404-8992-16A8A68CC08A}.Debug|x64.Deploy.0 = Debug|x64
		{C7B52C90-77EA-4404-8992-16A8A68CC08A}.Debug|x86.ActiveCfg = Debug|x86
		{C7B52C90-77EA-4404-8992-16A8A68CC08A}.Debug|x86.Build.0 = Debug|x86
		{C7B52C90-77EA-4404-8992-16A8A68CC08A}.Debug|x86.Deploy.0 = Debug|x86
		{C7B52C90-77EA-4404-8992-16A8A68CC08A}.Release|Any CPU.ActiveCfg = Release|x64
		{C7B52C90-77EA-4404-8992-16A8A68CC08A}.Release|Any CPU.Build.0 = Release|x64
		{C7B52C90-77EA-4404-8992-16A8A68CC08A}.Release|Any CPU.Deploy.0 = Release|x64
		{C7B52C90-77EA-4404-8992-16A8A68CC08A}.Release|ARM.ActiveCfg = Release|x64
		{C7B52C90-77EA-4404-8992-16A8A68CC08A}.Release|ARM.Build.0 = Release|x64
		{C7B52C90-77EA-4404-8992-16A8A68CC08A}.Release|ARM.Deploy.0 = Release|x64
		{C7B52C90-77EA-4404-8992-16A8A68CC08A}.Release|arm64.ActiveCfg = Release|arm64
		{C7B52C90-77EA-4404-8992-16A8A68CC08A}.Release|arm64.Build.0 = Release|arm64
		{C7B52C90-77EA-4404-8992-16A8A68CC08A}.Release|arm64.Deploy.0 = Release|arm64
		{C7B52C90-77EA-4404-8992-16A8A68CC08A}.Release|iPhone.ActiveCfg = Release|x64
		{C7B52C90-77EA-4404-8992-16A8A68CC08A}.Release|iPhone.Build.0 = Release|x64
		{C7B52C90-77EA-4404-8992-16A8A68CC08A}.Release|iPhone.Deploy.0 = Release|x64
		{C7B52C90-77EA-4404-8992-16A8A68CC08A}.Release|iPhoneSimulator.ActiveCfg = Release|x64
		{C7B52C90-77EA-4404-8992-16A8A68CC08A}.Release|iPhoneSimulator.Build.0 = Release|x64
		{C7B52C90-77EA-4404-8992-16A8A68CC08A}.Release|iPhoneSimulator.Deploy.0 = Release|x64
		{C7B52C90-77EA-4404-8992-16A8A68CC08A}.Release|x64.ActiveCfg = Release|x64
		{C7B52C90-77EA-4404-8992-16A8A68CC08A}.Release|x64.Build.0 = Release|x64
		{C7B52C90-77EA-4404-8992-16A8A68CC08A}.Release|x64.Deploy.0 = Release|x64
		{C7B52C90-77EA-4404-8992-16A8A68CC08A}.Release|x86.ActiveCfg = Release|x86
		{C7B52C90-77EA-4404-8992-16A8A68CC08A}.Release|x86.Build.0 = Release|x86
		{C7B52C90-77EA-4404-8992-16A8A68CC08A}.Release|x86.Deploy.0 = Release|x86
		{9078925A-D482-4729-95DE-DA4D011D12B4}.Debug|Any CPU.ActiveCfg = Debug|Any CPU
		{9078925A-D482-4729-95DE-DA4D011D12B4}.Debug|Any CPU.Build.0 = Debug|Any CPU
		{9078925A-D482-4729-95DE-DA4D011D12B4}.Debug|ARM.ActiveCfg = Debug|Any CPU
		{9078925A-D482-4729-95DE-DA4D011D12B4}.Debug|ARM.Build.0 = Debug|Any CPU
		{9078925A-D482-4729-95DE-DA4D011D12B4}.Debug|arm64.ActiveCfg = Debug|arm64
		{9078925A-D482-4729-95DE-DA4D011D12B4}.Debug|arm64.Build.0 = Debug|arm64
		{9078925A-D482-4729-95DE-DA4D011D12B4}.Debug|iPhone.ActiveCfg = Debug|Any CPU
		{9078925A-D482-4729-95DE-DA4D011D12B4}.Debug|iPhone.Build.0 = Debug|Any CPU
		{9078925A-D482-4729-95DE-DA4D011D12B4}.Debug|iPhoneSimulator.ActiveCfg = Debug|Any CPU
		{9078925A-D482-4729-95DE-DA4D011D12B4}.Debug|iPhoneSimulator.Build.0 = Debug|Any CPU
		{9078925A-D482-4729-95DE-DA4D011D12B4}.Debug|x64.ActiveCfg = Debug|x64
		{9078925A-D482-4729-95DE-DA4D011D12B4}.Debug|x64.Build.0 = Debug|x64
		{9078925A-D482-4729-95DE-DA4D011D12B4}.Debug|x86.ActiveCfg = Debug|x86
		{9078925A-D482-4729-95DE-DA4D011D12B4}.Debug|x86.Build.0 = Debug|x86
		{9078925A-D482-4729-95DE-DA4D011D12B4}.Release|Any CPU.ActiveCfg = Release|Any CPU
		{9078925A-D482-4729-95DE-DA4D011D12B4}.Release|Any CPU.Build.0 = Release|Any CPU
		{9078925A-D482-4729-95DE-DA4D011D12B4}.Release|ARM.ActiveCfg = Release|Any CPU
		{9078925A-D482-4729-95DE-DA4D011D12B4}.Release|ARM.Build.0 = Release|Any CPU
		{9078925A-D482-4729-95DE-DA4D011D12B4}.Release|arm64.ActiveCfg = Release|arm64
		{9078925A-D482-4729-95DE-DA4D011D12B4}.Release|arm64.Build.0 = Release|arm64
		{9078925A-D482-4729-95DE-DA4D011D12B4}.Release|iPhone.ActiveCfg = Release|Any CPU
		{9078925A-D482-4729-95DE-DA4D011D12B4}.Release|iPhone.Build.0 = Release|Any CPU
		{9078925A-D482-4729-95DE-DA4D011D12B4}.Release|iPhoneSimulator.ActiveCfg = Release|Any CPU
		{9078925A-D482-4729-95DE-DA4D011D12B4}.Release|iPhoneSimulator.Build.0 = Release|Any CPU
		{9078925A-D482-4729-95DE-DA4D011D12B4}.Release|x64.ActiveCfg = Release|x64
		{9078925A-D482-4729-95DE-DA4D011D12B4}.Release|x64.Build.0 = Release|x64
		{9078925A-D482-4729-95DE-DA4D011D12B4}.Release|x86.ActiveCfg = Release|x86
		{9078925A-D482-4729-95DE-DA4D011D12B4}.Release|x86.Build.0 = Release|x86
		{5697D06D-8C5C-4F74-9F36-E222CD301D13}.Debug|Any CPU.ActiveCfg = Debug|x64
		{5697D06D-8C5C-4F74-9F36-E222CD301D13}.Debug|Any CPU.Build.0 = Debug|x64
		{5697D06D-8C5C-4F74-9F36-E222CD301D13}.Debug|ARM.ActiveCfg = Debug|x64
		{5697D06D-8C5C-4F74-9F36-E222CD301D13}.Debug|ARM.Build.0 = Debug|x64
		{5697D06D-8C5C-4F74-9F36-E222CD301D13}.Debug|arm64.ActiveCfg = Debug|arm64
		{5697D06D-8C5C-4F74-9F36-E222CD301D13}.Debug|arm64.Build.0 = Debug|arm64
		{5697D06D-8C5C-4F74-9F36-E222CD301D13}.Debug|iPhone.ActiveCfg = Debug|x64
		{5697D06D-8C5C-4F74-9F36-E222CD301D13}.Debug|iPhone.Build.0 = Debug|x64
		{5697D06D-8C5C-4F74-9F36-E222CD301D13}.Debug|iPhoneSimulator.ActiveCfg = Debug|x64
		{5697D06D-8C5C-4F74-9F36-E222CD301D13}.Debug|iPhoneSimulator.Build.0 = Debug|x64
		{5697D06D-8C5C-4F74-9F36-E222CD301D13}.Debug|x64.ActiveCfg = Debug|x64
		{5697D06D-8C5C-4F74-9F36-E222CD301D13}.Debug|x64.Build.0 = Debug|x64
		{5697D06D-8C5C-4F74-9F36-E222CD301D13}.Debug|x86.ActiveCfg = Debug|x86
		{5697D06D-8C5C-4F74-9F36-E222CD301D13}.Debug|x86.Build.0 = Debug|x86
		{5697D06D-8C5C-4F74-9F36-E222CD301D13}.Release|Any CPU.ActiveCfg = Release|x64
		{5697D06D-8C5C-4F74-9F36-E222CD301D13}.Release|Any CPU.Build.0 = Release|x64
		{5697D06D-8C5C-4F74-9F36-E222CD301D13}.Release|ARM.ActiveCfg = Release|x64
		{5697D06D-8C5C-4F74-9F36-E222CD301D13}.Release|ARM.Build.0 = Release|x64
		{5697D06D-8C5C-4F74-9F36-E222CD301D13}.Release|arm64.ActiveCfg = Release|arm64
		{5697D06D-8C5C-4F74-9F36-E222CD301D13}.Release|arm64.Build.0 = Release|arm64
		{5697D06D-8C5C-4F74-9F36-E222CD301D13}.Release|iPhone.ActiveCfg = Release|x64
		{5697D06D-8C5C-4F74-9F36-E222CD301D13}.Release|iPhone.Build.0 = Release|x64
		{5697D06D-8C5C-4F74-9F36-E222CD301D13}.Release|iPhoneSimulator.ActiveCfg = Release|x64
		{5697D06D-8C5C-4F74-9F36-E222CD301D13}.Release|iPhoneSimulator.Build.0 = Release|x64
		{5697D06D-8C5C-4F74-9F36-E222CD301D13}.Release|x64.ActiveCfg = Release|x64
		{5697D06D-8C5C-4F74-9F36-E222CD301D13}.Release|x64.Build.0 = Release|x64
		{5697D06D-8C5C-4F74-9F36-E222CD301D13}.Release|x86.ActiveCfg = Release|x86
		{5697D06D-8C5C-4F74-9F36-E222CD301D13}.Release|x86.Build.0 = Release|x86
		{62CCD837-C8F0-4AB5-BDCC-7CE135B70756}.Debug|Any CPU.ActiveCfg = Debug|Any CPU
		{62CCD837-C8F0-4AB5-BDCC-7CE135B70756}.Debug|Any CPU.Build.0 = Debug|Any CPU
		{62CCD837-C8F0-4AB5-BDCC-7CE135B70756}.Debug|ARM.ActiveCfg = Debug|Any CPU
		{62CCD837-C8F0-4AB5-BDCC-7CE135B70756}.Debug|ARM.Build.0 = Debug|Any CPU
		{62CCD837-C8F0-4AB5-BDCC-7CE135B70756}.Debug|arm64.ActiveCfg = Debug|Any CPU
		{62CCD837-C8F0-4AB5-BDCC-7CE135B70756}.Debug|arm64.Build.0 = Debug|Any CPU
		{62CCD837-C8F0-4AB5-BDCC-7CE135B70756}.Debug|iPhone.ActiveCfg = Debug|Any CPU
		{62CCD837-C8F0-4AB5-BDCC-7CE135B70756}.Debug|iPhone.Build.0 = Debug|Any CPU
		{62CCD837-C8F0-4AB5-BDCC-7CE135B70756}.Debug|iPhoneSimulator.ActiveCfg = Debug|Any CPU
		{62CCD837-C8F0-4AB5-BDCC-7CE135B70756}.Debug|iPhoneSimulator.Build.0 = Debug|Any CPU
		{62CCD837-C8F0-4AB5-BDCC-7CE135B70756}.Debug|x64.ActiveCfg = Debug|Any CPU
		{62CCD837-C8F0-4AB5-BDCC-7CE135B70756}.Debug|x64.Build.0 = Debug|Any CPU
		{62CCD837-C8F0-4AB5-BDCC-7CE135B70756}.Debug|x86.ActiveCfg = Debug|Any CPU
		{62CCD837-C8F0-4AB5-BDCC-7CE135B70756}.Debug|x86.Build.0 = Debug|Any CPU
		{62CCD837-C8F0-4AB5-BDCC-7CE135B70756}.Release|Any CPU.ActiveCfg = Release|Any CPU
		{62CCD837-C8F0-4AB5-BDCC-7CE135B70756}.Release|Any CPU.Build.0 = Release|Any CPU
		{62CCD837-C8F0-4AB5-BDCC-7CE135B70756}.Release|ARM.ActiveCfg = Release|Any CPU
		{62CCD837-C8F0-4AB5-BDCC-7CE135B70756}.Release|ARM.Build.0 = Release|Any CPU
		{62CCD837-C8F0-4AB5-BDCC-7CE135B70756}.Release|arm64.ActiveCfg = Release|Any CPU
		{62CCD837-C8F0-4AB5-BDCC-7CE135B70756}.Release|arm64.Build.0 = Release|Any CPU
		{62CCD837-C8F0-4AB5-BDCC-7CE135B70756}.Release|iPhone.ActiveCfg = Release|Any CPU
		{62CCD837-C8F0-4AB5-BDCC-7CE135B70756}.Release|iPhone.Build.0 = Release|Any CPU
		{62CCD837-C8F0-4AB5-BDCC-7CE135B70756}.Release|iPhoneSimulator.ActiveCfg = Release|Any CPU
		{62CCD837-C8F0-4AB5-BDCC-7CE135B70756}.Release|iPhoneSimulator.Build.0 = Release|Any CPU
		{62CCD837-C8F0-4AB5-BDCC-7CE135B70756}.Release|x64.ActiveCfg = Release|Any CPU
		{62CCD837-C8F0-4AB5-BDCC-7CE135B70756}.Release|x64.Build.0 = Release|Any CPU
		{62CCD837-C8F0-4AB5-BDCC-7CE135B70756}.Release|x86.ActiveCfg = Release|Any CPU
		{62CCD837-C8F0-4AB5-BDCC-7CE135B70756}.Release|x86.Build.0 = Release|Any CPU
	EndGlobalSection
	GlobalSection(SolutionProperties) = preSolution
		HideSolutionNode = FALSE
	EndGlobalSection
	GlobalSection(NestedProjects) = preSolution
		{0BE09BB6-B84B-4006-9512-A93BE65BE692} = {134DBACF-FF7A-47F8-9350-64FED0931ED1}
		{C7B52C90-77EA-4404-8992-16A8A68CC08A} = {0BE09BB6-B84B-4006-9512-A93BE65BE692}
		{9078925A-D482-4729-95DE-DA4D011D12B4} = {0BE09BB6-B84B-4006-9512-A93BE65BE692}
		{5697D06D-8C5C-4F74-9F36-E222CD301D13} = {0BE09BB6-B84B-4006-9512-A93BE65BE692}
		{62CCD837-C8F0-4AB5-BDCC-7CE135B70756} = {0BE09BB6-B84B-4006-9512-A93BE65BE692}
	EndGlobalSection
EndGlobal
