
Microsoft Visual Studio Solution File, Format Version 12.00
# Visual Studio Version 17
VisualStudioVersion = 17.4.33205.214
MinimumVisualStudioVersion = 10.0.40219.1
Project("{FAE04EC0-301F-11D3-BF4B-00C04F79EFBC}") = "XamarinTest.UWP", "XamarinTest\XamarinTest.UWP\XamarinTest.UWP.csproj", "{608B2EFD-C245-41C7-93EF-37190B3C1F03}"
EndProject
Project("{FAE04EC0-301F-11D3-BF4B-00C04F79EFBC}") = "XamarinTest.Android", "XamarinTest\XamarinTest.Android\XamarinTest.Android.csproj", "{3A6140B2-1BE1-4C41-85D6-45B945EFA7B6}"
EndProject
Project("{FAE04EC0-301F-11D3-BF4B-00C04F79EFBC}") = "XamarinTest.iOS", "XamarinTest\XamarinTest.iOS\XamarinTest.iOS.csproj", "{6DEAF179-FBD3-4665-9EA3-553E3D44953B}"
EndProject
Project("{FAE04EC0-301F-11D3-BF4B-00C04F79EFBC}") = "XamarinTest", "XamarinTest\XamarinTest\XamarinTest.csproj", "{8CAD1FE6-90BA-4CCD-826D-38AE2559240E}"
EndProject
Global
	GlobalSection(SolutionConfigurationPlatforms) = preSolution
		Debug|Any CPU = Debug|Any CPU
		Debug|ARM = Debug|ARM
		Debug|iPhone = Debug|iPhone
		Debug|iPhoneSimulator = Debug|iPhoneSimulator
		Debug|x64 = Debug|x64
		Debug|x86 = Debug|x86
		Release|Any CPU = Release|Any CPU
		Release|ARM = Release|ARM
		Release|iPhone = Release|iPhone
		Release|iPhoneSimulator = Release|iPhoneSimulator
		Release|x64 = Release|x64
		Release|x86 = Release|x86
	EndGlobalSection
	GlobalSection(ProjectConfigurationPlatforms) = postSolution
		{608B2EFD-C245-41C7-93EF-37190B3C1F03}.Debug|Any CPU.ActiveCfg = Debug|x64
		{608B2EFD-C245-41C7-93EF-37190B3C1F03}.Debug|Any CPU.Build.0 = Debug|x64
		{608B2EFD-C245-41C7-93EF-37190B3C1F03}.Debug|Any CPU.Deploy.0 = Debug|x64
		{608B2EFD-C245-41C7-93EF-37190B3C1F03}.Debug|ARM.ActiveCfg = Debug|ARM
		{608B2EFD-C245-41C7-93EF-37190B3C1F03}.Debug|ARM.Build.0 = Debug|ARM
		{608B2EFD-C245-41C7-93EF-37190B3C1F03}.Debug|ARM.Deploy.0 = Debug|ARM
		{608B2EFD-C245-41C7-93EF-37190B3C1F03}.Debug|iPhone.ActiveCfg = Debug|x64
		{608B2EFD-C245-41C7-93EF-37190B3C1F03}.Debug|iPhone.Build.0 = Debug|x64
		{608B2EFD-C245-41C7-93EF-37190B3C1F03}.Debug|iPhone.Deploy.0 = Debug|x64
		{608B2EFD-C245-41C7-93EF-37190B3C1F03}.Debug|iPhoneSimulator.ActiveCfg = Debug|x64
		{608B2EFD-C245-41C7-93EF-37190B3C1F03}.Debug|iPhoneSimulator.Build.0 = Debug|x64
		{608B2EFD-C245-41C7-93EF-37190B3C1F03}.Debug|iPhoneSimulator.Deploy.0 = Debug|x64
		{608B2EFD-C245-41C7-93EF-37190B3C1F03}.Debug|x64.ActiveCfg = Debug|x64
		{608B2EFD-C245-41C7-93EF-37190B3C1F03}.Debug|x64.Build.0 = Debug|x64
		{608B2EFD-C245-41C7-93EF-37190B3C1F03}.Debug|x64.Deploy.0 = Debug|x64
		{608B2EFD-C245-41C7-93EF-37190B3C1F03}.Debug|x86.ActiveCfg = Debug|x86
		{608B2EFD-C245-41C7-93EF-37190B3C1F03}.Debug|x86.Build.0 = Debug|x86
		{608B2EFD-C245-41C7-93EF-37190B3C1F03}.Debug|x86.Deploy.0 = Debug|x86
		{608B2EFD-C245-41C7-93EF-37190B3C1F03}.Release|Any CPU.ActiveCfg = Release|x64
		{608B2EFD-C245-41C7-93EF-37190B3C1F03}.Release|Any CPU.Build.0 = Release|x64
		{608B2EFD-C245-41C7-93EF-37190B3C1F03}.Release|Any CPU.Deploy.0 = Release|x64
		{608B2EFD-C245-41C7-93EF-37190B3C1F03}.Release|ARM.ActiveCfg = Release|ARM
		{608B2EFD-C245-41C7-93EF-37190B3C1F03}.Release|ARM.Build.0 = Release|ARM
		{608B2EFD-C245-41C7-93EF-37190B3C1F03}.Release|ARM.Deploy.0 = Release|ARM
		{608B2EFD-C245-41C7-93EF-37190B3C1F03}.Release|iPhone.ActiveCfg = Release|x64
		{608B2EFD-C245-41C7-93EF-37190B3C1F03}.Release|iPhone.Build.0 = Release|x64
		{608B2EFD-C245-41C7-93EF-37190B3C1F03}.Release|iPhone.Deploy.0 = Release|x64
		{608B2EFD-C245-41C7-93EF-37190B3C1F03}.Release|iPhoneSimulator.ActiveCfg = Release|x64
		{608B2EFD-C245-41C7-93EF-37190B3C1F03}.Release|iPhoneSimulator.Build.0 = Release|x64
		{608B2EFD-C245-41C7-93EF-37190B3C1F03}.Release|iPhoneSimulator.Deploy.0 = Release|x64
		{608B2EFD-C245-41C7-93EF-37190B3C1F03}.Release|x64.ActiveCfg = Release|x64
		{608B2EFD-C245-41C7-93EF-37190B3C1F03}.Release|x64.Build.0 = Release|x64
		{608B2EFD-C245-41C7-93EF-37190B3C1F03}.Release|x64.Deploy.0 = Release|x64
		{608B2EFD-C245-41C7-93EF-37190B3C1F03}.Release|x86.ActiveCfg = Release|x86
		{608B2EFD-C245-41C7-93EF-37190B3C1F03}.Release|x86.Build.0 = Release|x86
		{608B2EFD-C245-41C7-93EF-37190B3C1F03}.Release|x86.Deploy.0 = Release|x86
		{3A6140B2-1BE1-4C41-85D6-45B945EFA7B6}.Debug|Any CPU.ActiveCfg = Debug|Any CPU
		{3A6140B2-1BE1-4C41-85D6-45B945EFA7B6}.Debug|Any CPU.Build.0 = Debug|Any CPU
		{3A6140B2-1BE1-4C41-85D6-45B945EFA7B6}.Debug|Any CPU.Deploy.0 = Debug|Any CPU
		{3A6140B2-1BE1-4C41-85D6-45B945EFA7B6}.Debug|ARM.ActiveCfg = Debug|Any CPU
		{3A6140B2-1BE1-4C41-85D6-45B945EFA7B6}.Debug|ARM.Build.0 = Debug|Any CPU
		{3A6140B2-1BE1-4C41-85D6-45B945EFA7B6}.Debug|ARM.Deploy.0 = Debug|Any CPU
		{3A6140B2-1BE1-4C41-85D6-45B945EFA7B6}.Debug|iPhone.ActiveCfg = Debug|Any CPU
		{3A6140B2-1BE1-4C41-85D6-45B945EFA7B6}.Debug|iPhone.Build.0 = Debug|Any CPU
		{3A6140B2-1BE1-4C41-85D6-45B945EFA7B6}.Debug|iPhone.Deploy.0 = Debug|Any CPU
		{3A6140B2-1BE1-4C41-85D6-45B945EFA7B6}.Debug|iPhoneSimulator.ActiveCfg = Debug|Any CPU
		{3A6140B2-1BE1-4C41-85D6-45B945EFA7B6}.Debug|iPhoneSimulator.Build.0 = Debug|Any CPU
		{3A6140B2-1BE1-4C41-85D6-45B945EFA7B6}.Debug|iPhoneSimulator.Deploy.0 = Debug|Any CPU
		{3A6140B2-1BE1-4C41-85D6-45B945EFA7B6}.Debug|x64.ActiveCfg = Debug|Any CPU
		{3A6140B2-1BE1-4C41-85D6-45B945EFA7B6}.Debug|x64.Build.0 = Debug|Any CPU
		{3A6140B2-1BE1-4C41-85D6-45B945EFA7B6}.Debug|x64.Deploy.0 = Debug|Any CPU
		{3A6140B2-1BE1-4C41-85D6-45B945EFA7B6}.Debug|x86.ActiveCfg = Debug|Any CPU
		{3A6140B2-1BE1-4C41-85D6-45B945EFA7B6}.Debug|x86.Build.0 = Debug|Any CPU
		{3A6140B2-1BE1-4C41-85D6-45B945EFA7B6}.Debug|x86.Deploy.0 = Debug|Any CPU
		{3A6140B2-1BE1-4C41-85D6-45B945EFA7B6}.Release|Any CPU.ActiveCfg = Release|Any CPU
		{3A6140B2-1BE1-4C41-85D6-45B945EFA7B6}.Release|Any CPU.Build.0 = Release|Any CPU
		{3A6140B2-1BE1-4C41-85D6-45B945EFA7B6}.Release|Any CPU.Deploy.0 = Release|Any CPU
		{3A6140B2-1BE1-4C41-85D6-45B945EFA7B6}.Release|ARM.ActiveCfg = Release|Any CPU
		{3A6140B2-1BE1-4C41-85D6-45B945EFA7B6}.Release|ARM.Build.0 = Release|Any CPU
		{3A6140B2-1BE1-4C41-85D6-45B945EFA7B6}.Release|ARM.Deploy.0 = Release|Any CPU
		{3A6140B2-1BE1-4C41-85D6-45B945EFA7B6}.Release|iPhone.ActiveCfg = Release|Any CPU
		{3A6140B2-1BE1-4C41-85D6-45B945EFA7B6}.Release|iPhone.Build.0 = Release|Any CPU
		{3A6140B2-1BE1-4C41-85D6-45B945EFA7B6}.Release|iPhone.Deploy.0 = Release|Any CPU
		{3A6140B2-1BE1-4C41-85D6-45B945EFA7B6}.Release|iPhoneSimulator.ActiveCfg = Release|Any CPU
		{3A6140B2-1BE1-4C41-85D6-45B945EFA7B6}.Release|iPhoneSimulator.Build.0 = Release|Any CPU
		{3A6140B2-1BE1-4C41-85D6-45B945EFA7B6}.Release|iPhoneSimulator.Deploy.0 = Release|Any CPU
		{3A6140B2-1BE1-4C41-85D6-45B945EFA7B6}.Release|x64.ActiveCfg = Release|Any CPU
		{3A6140B2-1BE1-4C41-85D6-45B945EFA7B6}.Release|x64.Build.0 = Release|Any CPU
		{3A6140B2-1BE1-4C41-85D6-45B945EFA7B6}.Release|x64.Deploy.0 = Release|Any CPU
		{3A6140B2-1BE1-4C41-85D6-45B945EFA7B6}.Release|x86.ActiveCfg = Release|Any CPU
		{3A6140B2-1BE1-4C41-85D6-45B945EFA7B6}.Release|x86.Build.0 = Release|Any CPU
		{3A6140B2-1BE1-4C41-85D6-45B945EFA7B6}.Release|x86.Deploy.0 = Release|Any CPU
		{6DEAF179-FBD3-4665-9EA3-553E3D44953B}.Debug|Any CPU.ActiveCfg = Debug|iPhoneSimulator
		{6DEAF179-FBD3-4665-9EA3-553E3D44953B}.Debug|Any CPU.Build.0 = Debug|iPhoneSimulator
		{6DEAF179-FBD3-4665-9EA3-553E3D44953B}.Debug|ARM.ActiveCfg = Debug|iPhoneSimulator
		{6DEAF179-FBD3-4665-9EA3-553E3D44953B}.Debug|ARM.Build.0 = Debug|iPhoneSimulator
		{6DEAF179-FBD3-4665-9EA3-553E3D44953B}.Debug|iPhone.ActiveCfg = Debug|iPhone
		{6DEAF179-FBD3-4665-9EA3-553E3D44953B}.Debug|iPhone.Build.0 = Debug|iPhone
		{6DEAF179-FBD3-4665-9EA3-553E3D44953B}.Debug|iPhoneSimulator.ActiveCfg = Debug|iPhoneSimulator
		{6DEAF179-FBD3-4665-9EA3-553E3D44953B}.Debug|iPhoneSimulator.Build.0 = Debug|iPhoneSimulator
		{6DEAF179-FBD3-4665-9EA3-553E3D44953B}.Debug|x64.ActiveCfg = Debug|iPhoneSimulator
		{6DEAF179-FBD3-4665-9EA3-553E3D44953B}.Debug|x64.Build.0 = Debug|iPhoneSimulator
		{6DEAF179-FBD3-4665-9EA3-553E3D44953B}.Debug|x86.ActiveCfg = Debug|iPhoneSimulator
		{6DEAF179-FBD3-4665-9EA3-553E3D44953B}.Debug|x86.Build.0 = Debug|iPhoneSimulator
		{6DEAF179-FBD3-4665-9EA3-553E3D44953B}.Release|Any CPU.ActiveCfg = Release|iPhoneSimulator
		{6DEAF179-FBD3-4665-9EA3-553E3D44953B}.Release|Any CPU.Build.0 = Release|iPhoneSimulator
		{6DEAF179-FBD3-4665-9EA3-553E3D44953B}.Release|ARM.ActiveCfg = Release|iPhoneSimulator
		{6DEAF179-FBD3-4665-9EA3-553E3D44953B}.Release|ARM.Build.0 = Release|iPhoneSimulator
		{6DEAF179-FBD3-4665-9EA3-553E3D44953B}.Release|iPhone.ActiveCfg = Release|iPhone
		{6DEAF179-FBD3-4665-9EA3-553E3D44953B}.Release|iPhone.Build.0 = Release|iPhone
		{6DEAF179-FBD3-4665-9EA3-553E3D44953B}.Release|iPhoneSimulator.ActiveCfg = Release|iPhoneSimulator
		{6DEAF179-FBD3-4665-9EA3-553E3D44953B}.Release|iPhoneSimulator.Build.0 = Release|iPhoneSimulator
		{6DEAF179-FBD3-4665-9EA3-553E3D44953B}.Release|x64.ActiveCfg = Release|iPhoneSimulator
		{6DEAF179-FBD3-4665-9EA3-553E3D44953B}.Release|x64.Build.0 = Release|iPhoneSimulator
		{6DEAF179-FBD3-4665-9EA3-553E3D44953B}.Release|x86.ActiveCfg = Release|iPhoneSimulator
		{6DEAF179-FBD3-4665-9EA3-553E3D44953B}.Release|x86.Build.0 = Release|iPhoneSimulator
		{8CAD1FE6-90BA-4CCD-826D-38AE2559240E}.Debug|Any CPU.ActiveCfg = Debug|Any CPU
		{8CAD1FE6-90BA-4CCD-826D-38AE2559240E}.Debug|Any CPU.Build.0 = Debug|Any CPU
		{8CAD1FE6-90BA-4CCD-826D-38AE2559240E}.Debug|ARM.ActiveCfg = Debug|Any CPU
		{8CAD1FE6-90BA-4CCD-826D-38AE2559240E}.Debug|ARM.Build.0 = Debug|Any CPU
		{8CAD1FE6-90BA-4CCD-826D-38AE2559240E}.Debug|iPhone.ActiveCfg = Debug|Any CPU
		{8CAD1FE6-90BA-4CCD-826D-38AE2559240E}.Debug|iPhone.Build.0 = Debug|Any CPU
		{8CAD1FE6-90BA-4CCD-826D-38AE2559240E}.Debug|iPhoneSimulator.ActiveCfg = Debug|Any CPU
		{8CAD1FE6-90BA-4CCD-826D-38AE2559240E}.Debug|iPhoneSimulator.Build.0 = Debug|Any CPU
		{8CAD1FE6-90BA-4CCD-826D-38AE2559240E}.Debug|x64.ActiveCfg = Debug|Any CPU
		{8CAD1FE6-90BA-4CCD-826D-38AE2559240E}.Debug|x64.Build.0 = Debug|Any CPU
		{8CAD1FE6-90BA-4CCD-826D-38AE2559240E}.Debug|x86.ActiveCfg = Debug|Any CPU
		{8CAD1FE6-90BA-4CCD-826D-38AE2559240E}.Debug|x86.Build.0 = Debug|Any CPU
		{8CAD1FE6-90BA-4CCD-826D-38AE2559240E}.Release|Any CPU.ActiveCfg = Release|Any CPU
		{8CAD1FE6-90BA-4CCD-826D-38AE2559240E}.Release|Any CPU.Build.0 = Release|Any CPU
		{8CAD1FE6-90BA-4CCD-826D-38AE2559240E}.Release|ARM.ActiveCfg = Release|Any CPU
		{8CAD1FE6-90BA-4CCD-826D-38AE2559240E}.Release|ARM.Build.0 = Release|Any CPU
		{8CAD1FE6-90BA-4CCD-826D-38AE2559240E}.Release|iPhone.ActiveCfg = Release|Any CPU
		{8CAD1FE6-90BA-4CCD-826D-38AE2559240E}.Release|iPhone.Build.0 = Release|Any CPU
		{8CAD1FE6-90BA-4CCD-826D-38AE2559240E}.Release|iPhoneSimulator.ActiveCfg = Release|Any CPU
		{8CAD1FE6-90BA-4CCD-826D-38AE2559240E}.Release|iPhoneSimulator.Build.0 = Release|Any CPU
		{8CAD1FE6-90BA-4CCD-826D-38AE2559240E}.Release|x64.ActiveCfg = Release|Any CPU
		{8CAD1FE6-90BA-4CCD-826D-38AE2559240E}.Release|x64.Build.0 = Release|Any CPU
		{8CAD1FE6-90BA-4CCD-826D-38AE2559240E}.Release|x86.ActiveCfg = Release|Any CPU
		{8CAD1FE6-90BA-4CCD-826D-38AE2559240E}.Release|x86.Build.0 = Release|Any CPU
	EndGlobalSection
	GlobalSection(SolutionProperties) = preSolution
		HideSolutionNode = FALSE
	EndGlobalSection
	GlobalSection(ExtensibilityGlobals) = postSolution
		SolutionGuid = {36AAC628-FE25-48E7-857E-650967570CE7}
	EndGlobalSection
EndGlobal
